// !$*UTF8*$!
{
	archiveVersion = 1;
	classes = {
	};
	objectVersion = 77;
	objects = {

/* Begin PBXBuildFile section */
		A51FF0CF2FF4D09E00A2DC79 /* TwistDiffuse.cpp in Sources */ = {isa = PBXBuildFile; fileRef = A51FF0B72FF4D09E00A2DC79 /* TwistDiffuse.cpp */; };
		A51FF0D02FF4D09E00A2DC79 /* TwistExpander.cpp in Sources */ = {isa = PBXBuildFile; fileRef = A51FF0B92FF4D09E00A2DC79 /* TwistExpander.cpp */; };
		A51FF0D12FF4D09E00A2DC79 /* TwistSquash.cpp in Sources */ = {isa = PBXBuildFile; fileRef = A51FF0CB2FF4D09E00A2DC79 /* TwistSquash.cpp */; };
		A51FF0D22FF4D09E00A2DC79 /* TwistWorkSpace.cpp in Sources */ = {isa = PBXBuildFile; fileRef = A51FF0CD2FF4D09E00A2DC79 /* TwistWorkSpace.cpp */; };
		A51FF0D32FF4D09E00A2DC79 /* TwistFarmConstants.cpp in Sources */ = {isa = PBXBuildFile; fileRef = A51FF0BB2FF4D09E00A2DC79 /* TwistFarmConstants.cpp */; };
		A51FF0D42FF4D09E00A2DC79 /* TwistCryptoScoring.cpp in Sources */ = {isa = PBXBuildFile; fileRef = A51FF0B52FF4D09E00A2DC79 /* TwistCryptoScoring.cpp */; };
		A51FF0D52FF4D09E00A2DC79 /* M88.cpp in Sources */ = {isa = PBXBuildFile; fileRef = A51FF0AD2FF4D09E00A2DC79 /* M88.cpp */; };
		A51FF0D62FF4D09E00A2DC79 /* TwistMix32.cpp in Sources */ = {isa = PBXBuildFile; fileRef = A51FF0C32FF4D09E00A2DC79 /* TwistMix32.cpp */; };
		A51FF0D72FF4D09E00A2DC79 /* TwistMix64.cpp in Sources */ = {isa = PBXBuildFile; fileRef = A51FF0C52FF4D09E00A2DC79 /* TwistMix64.cpp */; };
		A51FF0D82FF4D09E00A2DC79 /* TwistSnow.cpp in Sources */ = {isa = PBXBuildFile; fileRef = A51FF0C92FF4D09E00A2DC79 /* TwistSnow.cpp */; };
		A51FF0D92FF4D09E00A2DC79 /* TwistFarmSalt.cpp in Sources */ = {isa = PBXBuildFile; fileRef = A51FF0BD2FF4D09E00A2DC79 /* TwistFarmSalt.cpp */; };
		A51FF0DA2FF4D09E00A2DC79 /* TwistIndexShuffle.cpp in Sources */ = {isa = PBXBuildFile; fileRef = A51FF0C02FF4D09E00A2DC79 /* TwistIndexShuffle.cpp */; };
		A51FF0DB2FF4D09E00A2DC79 /* TwistShiftBox.cpp in Sources */ = {isa = PBXBuildFile; fileRef = A51FF0C72FF4D09E00A2DC79 /* TwistShiftBox.cpp */; };
		A51FF12D2FF4D0AA00A2DC79 /* TwistExpander_PingPong_Arx.cpp in Sources */ = {isa = PBXBuildFile; fileRef = A51FF1172FF4D0AA00A2DC79 /* TwistExpander_PingPong_Arx.cpp */; };
		A51FF12E2FF4D0AA00A2DC79 /* TwistExpander_BaseBall.cpp in Sources */ = {isa = PBXBuildFile; fileRef = A51FF0E12FF4D0AA00A2DC79 /* TwistExpander_BaseBall.cpp */; };
		A51FF12F2FF4D0AA00A2DC79 /* TwistExpander_Fencing.cpp in Sources */ = {isa = PBXBuildFile; fileRef = A51FF0F92FF4D0AA00A2DC79 /* TwistExpander_Fencing.cpp */; };
		A51FF1302FF4D0AA00A2DC79 /* TwistExpander_Bowling_Arx.cpp in Sources */ = {isa = PBXBuildFile; fileRef = A51FF0EF2FF4D0AA00A2DC79 /* TwistExpander_Bowling_Arx.cpp */; };
		A51FF1312FF4D0AA00A2DC79 /* TwistExpander_Golf_Arx.cpp in Sources */ = {isa = PBXBuildFile; fileRef = A51FF1032FF4D0AA00A2DC79 /* TwistExpander_Golf_Arx.cpp */; };
		A51FF1322FF4D0AA00A2DC79 /* TwistExpander_Cricket.cpp in Sources */ = {isa = PBXBuildFile; fileRef = A51FF0F52FF4D0AA00A2DC79 /* TwistExpander_Cricket.cpp */; };
		A51FF1332FF4D0AA00A2DC79 /* TwistExpander_Karate.cpp in Sources */ = {isa = PBXBuildFile; fileRef = A51FF1092FF4D0AA00A2DC79 /* TwistExpander_Karate.cpp */; };
		A51FF1342FF4D0AA00A2DC79 /* TwistExpander_Rugby.cpp in Sources */ = {isa = PBXBuildFile; fileRef = A51FF1192FF4D0AA00A2DC79 /* TwistExpander_Rugby.cpp */; };
		A51FF1352FF4D0AA00A2DC79 /* TwistExpander_BasketBall.cpp in Sources */ = {isa = PBXBuildFile; fileRef = A51FF0E52FF4D0AA00A2DC79 /* TwistExpander_BasketBall.cpp */; };
		A51FF1362FF4D0AA00A2DC79 /* TwistExpander_Lacrosse_Arx.cpp in Sources */ = {isa = PBXBuildFile; fileRef = A51FF10F2FF4D0AA00A2DC79 /* TwistExpander_Lacrosse_Arx.cpp */; };
		A51FF1372FF4D0AA00A2DC79 /* TwistExpander_Hockey.cpp in Sources */ = {isa = PBXBuildFile; fileRef = A51FF1052FF4D0AA00A2DC79 /* TwistExpander_Hockey.cpp */; };
		A51FF1382FF4D0AA00A2DC79 /* TwistExpander_Billiards_Arx.cpp in Sources */ = {isa = PBXBuildFile; fileRef = A51FF0EB2FF4D0AA00A2DC79 /* TwistExpander_Billiards_Arx.cpp */; };
		A51FF1392FF4D0AA00A2DC79 /* TwistExpander_Golf.cpp in Sources */ = {isa = PBXBuildFile; fileRef = A51FF1012FF4D0AA00A2DC79 /* TwistExpander_Golf.cpp */; };
		A51FF13A2FF4D0AA00A2DC79 /* TwistExpander_WaterPolo_Arx.cpp in Sources */ = {isa = PBXBuildFile; fileRef = A51FF12B2FF4D0AA00A2DC79 /* TwistExpander_WaterPolo_Arx.cpp */; };
		A51FF13B2FF4D0AA00A2DC79 /* TwistExpander_WaterPolo.cpp in Sources */ = {isa = PBXBuildFile; fileRef = A51FF1292FF4D0AA00A2DC79 /* TwistExpander_WaterPolo.cpp */; };
		A51FF13C2FF4D0AA00A2DC79 /* TwistExpander_PickleBall_Arx.cpp in Sources */ = {isa = PBXBuildFile; fileRef = A51FF1132FF4D0AA00A2DC79 /* TwistExpander_PickleBall_Arx.cpp */; };
		A51FF13D2FF4D0AA00A2DC79 /* TwistExpander_Archery_Arx.cpp in Sources */ = {isa = PBXBuildFile; fileRef = A51FF0DF2FF4D0AA00A2DC79 /* TwistExpander_Archery_Arx.cpp */; };
		A51FF13E2FF4D0AA00A2DC79 /* TwistExpander_PickleBall.cpp in Sources */ = {isa = PBXBuildFile; fileRef = A51FF1112FF4D0AA00A2DC79 /* TwistExpander_PickleBall.cpp */; };
		A51FF13F2FF4D0AA00A2DC79 /* TwistExpander_Billiards.cpp in Sources */ = {isa = PBXBuildFile; fileRef = A51FF0E92FF4D0AA00A2DC79 /* TwistExpander_Billiards.cpp */; };
		A51FF1402FF4D0AA00A2DC79 /* TwistExpander_BasketBall_Arx.cpp in Sources */ = {isa = PBXBuildFile; fileRef = A51FF0E72FF4D0AA00A2DC79 /* TwistExpander_BasketBall_Arx.cpp */; };
		A51FF1412FF4D0AA00A2DC79 /* TwistExpander_FootBall.cpp in Sources */ = {isa = PBXBuildFile; fileRef = A51FF0FD2FF4D0AA00A2DC79 /* TwistExpander_FootBall.cpp */; };
		A51FF1422FF4D0AA00A2DC79 /* TwistExpander_Lacrosse.cpp in Sources */ = {isa = PBXBuildFile; fileRef = A51FF10D2FF4D0AA00A2DC79 /* TwistExpander_Lacrosse.cpp */; };
		A51FF1432FF4D0AA00A2DC79 /* TwistExpander_Bowling.cpp in Sources */ = {isa = PBXBuildFile; fileRef = A51FF0ED2FF4D0AA00A2DC79 /* TwistExpander_Bowling.cpp */; };
		A51FF1442FF4D0AA00A2DC79 /* TwistExpander_Tennis.cpp in Sources */ = {isa = PBXBuildFile; fileRef = A51FF1212FF4D0AA00A2DC79 /* TwistExpander_Tennis.cpp */; };
		A51FF1452FF4D0AA00A2DC79 /* TwistExpander_Cricket_Arx.cpp in Sources */ = {isa = PBXBuildFile; fileRef = A51FF0F72FF4D0AA00A2DC79 /* TwistExpander_Cricket_Arx.cpp */; };
		A51FF1462FF4D0AA00A2DC79 /* TwistExpander_FootBall_Arx.cpp in Sources */ = {isa = PBXBuildFile; fileRef = A51FF0FF2FF4D0AA00A2DC79 /* TwistExpander_FootBall_Arx.cpp */; };
		A51FF1472FF4D0AA00A2DC79 /* TwistExpander_Tennis_Arx.cpp in Sources */ = {isa = PBXBuildFile; fileRef = A51FF1232FF4D0AA00A2DC79 /* TwistExpander_Tennis_Arx.cpp */; };
		A51FF1482FF4D0AA00A2DC79 /* TwistExpander_Karate_Arx.cpp in Sources */ = {isa = PBXBuildFile; fileRef = A51FF10B2FF4D0AA00A2DC79 /* TwistExpander_Karate_Arx.cpp */; };
		A51FF1492FF4D0AA00A2DC79 /* TwistExpander_Boxing_Arx.cpp in Sources */ = {isa = PBXBuildFile; fileRef = A51FF0F32FF4D0AA00A2DC79 /* TwistExpander_Boxing_Arx.cpp */; };
		A51FF14A2FF4D0AA00A2DC79 /* TwistExpander_PingPong.cpp in Sources */ = {isa = PBXBuildFile; fileRef = A51FF1152FF4D0AA00A2DC79 /* TwistExpander_PingPong.cpp */; };
		A51FF14B2FF4D0AA00A2DC79 /* TwistExpander_Hockey_Arx.cpp in Sources */ = {isa = PBXBuildFile; fileRef = A51FF1072FF4D0AA00A2DC79 /* TwistExpander_Hockey_Arx.cpp */; };
		A51FF14C2FF4D0AA00A2DC79 /* TwistExpander_Soccer.cpp in Sources */ = {isa = PBXBuildFile; fileRef = A51FF11D2FF4D0AA00A2DC79 /* TwistExpander_Soccer.cpp */; };
		A51FF14D2FF4D0AA00A2DC79 /* TwistExpander_Soccer_Arx.cpp in Sources */ = {isa = PBXBuildFile; fileRef = A51FF11F2FF4D0AA00A2DC79 /* TwistExpander_Soccer_Arx.cpp */; };
		A51FF14E2FF4D0AA00A2DC79 /* TwistExpander_Fencing_Arx.cpp in Sources */ = {isa = PBXBuildFile; fileRef = A51FF0FB2FF4D0AA00A2DC79 /* TwistExpander_Fencing_Arx.cpp */; };
		A51FF14F2FF4D0AA00A2DC79 /* TwistExpander_Archery.cpp in Sources */ = {isa = PBXBuildFile; fileRef = A51FF0DD2FF4D0AA00A2DC79 /* TwistExpander_Archery.cpp */; };
		A51FF1502FF4D0AA00A2DC79 /* TwistExpander_VolleyBall_Arx.cpp in Sources */ = {isa = PBXBuildFile; fileRef = A51FF1272FF4D0AA00A2DC79 /* TwistExpander_VolleyBall_Arx.cpp */; };
		A51FF1512FF4D0AA00A2DC79 /* TwistExpander_BaseBall_Arx.cpp in Sources */ = {isa = PBXBuildFile; fileRef = A51FF0E32FF4D0AA00A2DC79 /* TwistExpander_BaseBall_Arx.cpp */; };
		A51FF1522FF4D0AA00A2DC79 /* TwistExpander_Boxing.cpp in Sources */ = {isa = PBXBuildFile; fileRef = A51FF0F12FF4D0AA00A2DC79 /* TwistExpander_Boxing.cpp */; };
		A51FF1532FF4D0AA00A2DC79 /* TwistExpander_Rugby_Arx.cpp in Sources */ = {isa = PBXBuildFile; fileRef = A51FF11B2FF4D0AA00A2DC79 /* TwistExpander_Rugby_Arx.cpp */; };
		A51FF1542FF4D0AA00A2DC79 /* TwistExpander_VolleyBall.cpp in Sources */ = {isa = PBXBuildFile; fileRef = A51FF1252FF4D0AA00A2DC79 /* TwistExpander_VolleyBall.cpp */; };
		A5F888FC2FEEDD9000433EDF /* Avalancher.cpp in Sources */ = {isa = PBXBuildFile; fileRef = A5F888EC2FEEDD9000433EDF /* Avalancher.cpp */; };
		A5F889022FEEDD9000433EDF /* Random.cpp in Sources */ = {isa = PBXBuildFile; fileRef = A5F888F32FEEDD9000433EDF /* Random.cpp */; };
		A5F889072FEEDD9000433EDF /* main.m in Sources */ = {isa = PBXBuildFile; fileRef = A5F888EF2FEEDD9000433EDF /* main.m */; };
		A5F8890E2FEEDD9000433EDF /* Rig.cpp in Sources */ = {isa = PBXBuildFile; fileRef = A5F888F52FEEDD9000433EDF /* Rig.cpp */; };
		A5F8891B2FEEDD9000433EDF /* AppDelegate.mm in Sources */ = {isa = PBXBuildFile; fileRef = A5F888E92FEEDD9000433EDF /* AppDelegate.mm */; };
		A5F8891F2FEEDD9000433EDF /* FileIO.cpp in Sources */ = {isa = PBXBuildFile; fileRef = A5F888EE2FEEDD9000433EDF /* FileIO.cpp */; };
		A5F889332FEEDD9000433EDF /* MainMenu.xib in Resources */ = {isa = PBXBuildFile; fileRef = A5F888F12FEEDD9000433EDF /* MainMenu.xib */; };
		A5F889342FEEDD9000433EDF /* Assets.xcassets in Resources */ = {isa = PBXBuildFile; fileRef = A5F888EA2FEEDD9000433EDF /* Assets.xcassets */; };
/* End PBXBuildFile section */

/* Begin PBXFileReference section */
		A51FF0AC2FF4D09E00A2DC79 /* M88.hpp */ = {isa = PBXFileReference; lastKnownFileType = sourcecode.cpp.h; path = M88.hpp; sourceTree = "<group>"; };
		A51FF0AD2FF4D09E00A2DC79 /* M88.cpp */ = {isa = PBXFileReference; lastKnownFileType = sourcecode.cpp.cpp; path = M88.cpp; sourceTree = "<group>"; };
		A51FF0AE2FF4D09E00A2DC79 /* M88QuadSelectsA.hpp */ = {isa = PBXFileReference; lastKnownFileType = sourcecode.cpp.h; path = M88QuadSelectsA.hpp; sourceTree = "<group>"; };
		A51FF0AF2FF4D09E00A2DC79 /* M88QuadSelectsB.hpp */ = {isa = PBXFileReference; lastKnownFileType = sourcecode.cpp.h; path = M88QuadSelectsB.hpp; sourceTree = "<group>"; };
		A51FF0B02FF4D09E00A2DC79 /* M88QuadSelectsC.hpp */ = {isa = PBXFileReference; lastKnownFileType = sourcecode.cpp.h; path = M88QuadSelectsC.hpp; sourceTree = "<group>"; };
		A51FF0B12FF4D09E00A2DC79 /* M88QuadSelectsD.hpp */ = {isa = PBXFileReference; lastKnownFileType = sourcecode.cpp.h; path = M88QuadSelectsD.hpp; sourceTree = "<group>"; };
		A51FF0B32FF4D09E00A2DC79 /* TwistArray.hpp */ = {isa = PBXFileReference; lastKnownFileType = sourcecode.cpp.h; path = TwistArray.hpp; sourceTree = "<group>"; };
		A51FF0B42FF4D09E00A2DC79 /* TwistCryptoScoring.hpp */ = {isa = PBXFileReference; lastKnownFileType = sourcecode.cpp.h; path = TwistCryptoScoring.hpp; sourceTree = "<group>"; };
		A51FF0B52FF4D09E00A2DC79 /* TwistCryptoScoring.cpp */ = {isa = PBXFileReference; lastKnownFileType = sourcecode.cpp.cpp; path = TwistCryptoScoring.cpp; sourceTree = "<group>"; };
		A51FF0B62FF4D09E00A2DC79 /* TwistDiffuse.hpp */ = {isa = PBXFileReference; lastKnownFileType = sourcecode.cpp.h; path = TwistDiffuse.hpp; sourceTree = "<group>"; };
		A51FF0B72FF4D09E00A2DC79 /* TwistDiffuse.cpp */ = {isa = PBXFileReference; lastKnownFileType = sourcecode.cpp.cpp; path = TwistDiffuse.cpp; sourceTree = "<group>"; };
		A51FF0B82FF4D09E00A2DC79 /* TwistExpander.hpp */ = {isa = PBXFileReference; lastKnownFileType = sourcecode.cpp.h; path = TwistExpander.hpp; sourceTree = "<group>"; };
		A51FF0B92FF4D09E00A2DC79 /* TwistExpander.cpp */ = {isa = PBXFileReference; lastKnownFileType = sourcecode.cpp.cpp; path = TwistExpander.cpp; sourceTree = "<group>"; };
		A51FF0BA2FF4D09E00A2DC79 /* TwistFarmConstants.hpp */ = {isa = PBXFileReference; lastKnownFileType = sourcecode.cpp.h; path = TwistFarmConstants.hpp; sourceTree = "<group>"; };
		A51FF0BB2FF4D09E00A2DC79 /* TwistFarmConstants.cpp */ = {isa = PBXFileReference; lastKnownFileType = sourcecode.cpp.cpp; path = TwistFarmConstants.cpp; sourceTree = "<group>"; };
		A51FF0BC2FF4D09E00A2DC79 /* TwistFarmSalt.hpp */ = {isa = PBXFileReference; lastKnownFileType = sourcecode.cpp.h; path = TwistFarmSalt.hpp; sourceTree = "<group>"; };
		A51FF0BD2FF4D09E00A2DC79 /* TwistFarmSalt.cpp */ = {isa = PBXFileReference; lastKnownFileType = sourcecode.cpp.cpp; path = TwistFarmSalt.cpp; sourceTree = "<group>"; };
		A51FF0BE2FF4D09E00A2DC79 /* TwistFunctional.hpp */ = {isa = PBXFileReference; lastKnownFileType = sourcecode.cpp.h; path = TwistFunctional.hpp; sourceTree = "<group>"; };
		A51FF0BF2FF4D09E00A2DC79 /* TwistIndexShuffle.hpp */ = {isa = PBXFileReference; lastKnownFileType = sourcecode.cpp.h; path = TwistIndexShuffle.hpp; sourceTree = "<group>"; };
		A51FF0C02FF4D09E00A2DC79 /* TwistIndexShuffle.cpp */ = {isa = PBXFileReference; lastKnownFileType = sourcecode.cpp.cpp; path = TwistIndexShuffle.cpp; sourceTree = "<group>"; };
		A51FF0C12FF4D09E00A2DC79 /* TwistMemory.hpp */ = {isa = PBXFileReference; lastKnownFileType = sourcecode.cpp.h; path = TwistMemory.hpp; sourceTree = "<group>"; };
		A51FF0C22FF4D09E00A2DC79 /* TwistMix32.hpp */ = {isa = PBXFileReference; lastKnownFileType = sourcecode.cpp.h; path = TwistMix32.hpp; sourceTree = "<group>"; };
		A51FF0C32FF4D09E00A2DC79 /* TwistMix32.cpp */ = {isa = PBXFileReference; lastKnownFileType = sourcecode.cpp.cpp; path = TwistMix32.cpp; sourceTree = "<group>"; };
		A51FF0C42FF4D09E00A2DC79 /* TwistMix64.hpp */ = {isa = PBXFileReference; lastKnownFileType = sourcecode.cpp.h; path = TwistMix64.hpp; sourceTree = "<group>"; };
		A51FF0C52FF4D09E00A2DC79 /* TwistMix64.cpp */ = {isa = PBXFileReference; lastKnownFileType = sourcecode.cpp.cpp; path = TwistMix64.cpp; sourceTree = "<group>"; };
		A51FF0C62FF4D09E00A2DC79 /* TwistShiftBox.hpp */ = {isa = PBXFileReference; lastKnownFileType = sourcecode.cpp.h; path = TwistShiftBox.hpp; sourceTree = "<group>"; };
		A51FF0C72FF4D09E00A2DC79 /* TwistShiftBox.cpp */ = {isa = PBXFileReference; lastKnownFileType = sourcecode.cpp.cpp; path = TwistShiftBox.cpp; sourceTree = "<group>"; };
		A51FF0C82FF4D09E00A2DC79 /* TwistSnow.hpp */ = {isa = PBXFileReference; lastKnownFileType = sourcecode.cpp.h; path = TwistSnow.hpp; sourceTree = "<group>"; };
		A51FF0C92FF4D09E00A2DC79 /* TwistSnow.cpp */ = {isa = PBXFileReference; lastKnownFileType = sourcecode.cpp.cpp; path = TwistSnow.cpp; sourceTree = "<group>"; };
		A51FF0CA2FF4D09E00A2DC79 /* TwistSquash.hpp */ = {isa = PBXFileReference; lastKnownFileType = sourcecode.cpp.h; path = TwistSquash.hpp; sourceTree = "<group>"; };
		A51FF0CB2FF4D09E00A2DC79 /* TwistSquash.cpp */ = {isa = PBXFileReference; lastKnownFileType = sourcecode.cpp.cpp; path = TwistSquash.cpp; sourceTree = "<group>"; };
		A51FF0CC2FF4D09E00A2DC79 /* TwistWorkSpace.hpp */ = {isa = PBXFileReference; lastKnownFileType = sourcecode.cpp.h; path = TwistWorkSpace.hpp; sourceTree = "<group>"; };
		A51FF0CD2FF4D09E00A2DC79 /* TwistWorkSpace.cpp */ = {isa = PBXFileReference; lastKnownFileType = sourcecode.cpp.cpp; path = TwistWorkSpace.cpp; sourceTree = "<group>"; };
		A51FF0DC2FF4D0AA00A2DC79 /* TwistExpander_Archery.hpp */ = {isa = PBXFileReference; lastKnownFileType = sourcecode.cpp.h; path = TwistExpander_Archery.hpp; sourceTree = "<group>"; };
		A51FF0DD2FF4D0AA00A2DC79 /* TwistExpander_Archery.cpp */ = {isa = PBXFileReference; lastKnownFileType = sourcecode.cpp.cpp; path = TwistExpander_Archery.cpp; sourceTree = "<group>"; };
		A51FF0DE2FF4D0AA00A2DC79 /* TwistExpander_Archery_Arx.hpp */ = {isa = PBXFileReference; lastKnownFileType = sourcecode.cpp.h; path = TwistExpander_Archery_Arx.hpp; sourceTree = "<group>"; };
		A51FF0DF2FF4D0AA00A2DC79 /* TwistExpander_Archery_Arx.cpp */ = {isa = PBXFileReference; lastKnownFileType = sourcecode.cpp.cpp; path = TwistExpander_Archery_Arx.cpp; sourceTree = "<group>"; };
		A51FF0E02FF4D0AA00A2DC79 /* TwistExpander_BaseBall.hpp */ = {isa = PBXFileReference; lastKnownFileType = sourcecode.cpp.h; path = TwistExpander_BaseBall.hpp; sourceTree = "<group>"; };
		A51FF0E12FF4D0AA00A2DC79 /* TwistExpander_BaseBall.cpp */ = {isa = PBXFileReference; lastKnownFileType = sourcecode.cpp.cpp; path = TwistExpander_BaseBall.cpp; sourceTree = "<group>"; };
		A51FF0E22FF4D0AA00A2DC79 /* TwistExpander_BaseBall_Arx.hpp */ = {isa = PBXFileReference; lastKnownFileType = sourcecode.cpp.h; path = TwistExpander_BaseBall_Arx.hpp; sourceTree = "<group>"; };
		A51FF0E32FF4D0AA00A2DC79 /* TwistExpander_BaseBall_Arx.cpp */ = {isa = PBXFileReference; lastKnownFileType = sourcecode.cpp.cpp; path = TwistExpander_BaseBall_Arx.cpp; sourceTree = "<group>"; };
		A51FF0E42FF4D0AA00A2DC79 /* TwistExpander_BasketBall.hpp */ = {isa = PBXFileReference; lastKnownFileType = sourcecode.cpp.h; path = TwistExpander_BasketBall.hpp; sourceTree = "<group>"; };
		A51FF0E52FF4D0AA00A2DC79 /* TwistExpander_BasketBall.cpp */ = {isa = PBXFileReference; lastKnownFileType = sourcecode.cpp.cpp; path = TwistExpander_BasketBall.cpp; sourceTree = "<group>"; };
		A51FF0E62FF4D0AA00A2DC79 /* TwistExpander_BasketBall_Arx.hpp */ = {isa = PBXFileReference; lastKnownFileType = sourcecode.cpp.h; path = TwistExpander_BasketBall_Arx.hpp; sourceTree = "<group>"; };
		A51FF0E72FF4D0AA00A2DC79 /* TwistExpander_BasketBall_Arx.cpp */ = {isa = PBXFileReference; lastKnownFileType = sourcecode.cpp.cpp; path = TwistExpander_BasketBall_Arx.cpp; sourceTree = "<group>"; };
		A51FF0E82FF4D0AA00A2DC79 /* TwistExpander_Billiards.hpp */ = {isa = PBXFileReference; lastKnownFileType = sourcecode.cpp.h; path = TwistExpander_Billiards.hpp; sourceTree = "<group>"; };
		A51FF0E92FF4D0AA00A2DC79 /* TwistExpander_Billiards.cpp */ = {isa = PBXFileReference; lastKnownFileType = sourcecode.cpp.cpp; path = TwistExpander_Billiards.cpp; sourceTree = "<group>"; };
		A51FF0EA2FF4D0AA00A2DC79 /* TwistExpander_Billiards_Arx.hpp */ = {isa = PBXFileReference; lastKnownFileType = sourcecode.cpp.h; path = TwistExpander_Billiards_Arx.hpp; sourceTree = "<group>"; };
		A51FF0EB2FF4D0AA00A2DC79 /* TwistExpander_Billiards_Arx.cpp */ = {isa = PBXFileReference; lastKnownFileType = sourcecode.cpp.cpp; path = TwistExpander_Billiards_Arx.cpp; sourceTree = "<group>"; };
		A51FF0EC2FF4D0AA00A2DC79 /* TwistExpander_Bowling.hpp */ = {isa = PBXFileReference; lastKnownFileType = sourcecode.cpp.h; path = TwistExpander_Bowling.hpp; sourceTree = "<group>"; };
		A51FF0ED2FF4D0AA00A2DC79 /* TwistExpander_Bowling.cpp */ = {isa = PBXFileReference; lastKnownFileType = sourcecode.cpp.cpp; path = TwistExpander_Bowling.cpp; sourceTree = "<group>"; };
		A51FF0EE2FF4D0AA00A2DC79 /* TwistExpander_Bowling_Arx.hpp */ = {isa = PBXFileReference; lastKnownFileType = sourcecode.cpp.h; path = TwistExpander_Bowling_Arx.hpp; sourceTree = "<group>"; };
		A51FF0EF2FF4D0AA00A2DC79 /* TwistExpander_Bowling_Arx.cpp */ = {isa = PBXFileReference; lastKnownFileType = sourcecode.cpp.cpp; path = TwistExpander_Bowling_Arx.cpp; sourceTree = "<group>"; };
		A51FF0F02FF4D0AA00A2DC79 /* TwistExpander_Boxing.hpp */ = {isa = PBXFileReference; lastKnownFileType = sourcecode.cpp.h; path = TwistExpander_Boxing.hpp; sourceTree = "<group>"; };
		A51FF0F12FF4D0AA00A2DC79 /* TwistExpander_Boxing.cpp */ = {isa = PBXFileReference; lastKnownFileType = sourcecode.cpp.cpp; path = TwistExpander_Boxing.cpp; sourceTree = "<group>"; };
		A51FF0F22FF4D0AA00A2DC79 /* TwistExpander_Boxing_Arx.hpp */ = {isa = PBXFileReference; lastKnownFileType = sourcecode.cpp.h; path = TwistExpander_Boxing_Arx.hpp; sourceTree = "<group>"; };
		A51FF0F32FF4D0AA00A2DC79 /* TwistExpander_Boxing_Arx.cpp */ = {isa = PBXFileReference; lastKnownFileType = sourcecode.cpp.cpp; path = TwistExpander_Boxing_Arx.cpp; sourceTree = "<group>"; };
		A51FF0F42FF4D0AA00A2DC79 /* TwistExpander_Cricket.hpp */ = {isa = PBXFileReference; lastKnownFileType = sourcecode.cpp.h; path = TwistExpander_Cricket.hpp; sourceTree = "<group>"; };
		A51FF0F52FF4D0AA00A2DC79 /* TwistExpander_Cricket.cpp */ = {isa = PBXFileReference; lastKnownFileType = sourcecode.cpp.cpp; path = TwistExpander_Cricket.cpp; sourceTree = "<group>"; };
		A51FF0F62FF4D0AA00A2DC79 /* TwistExpander_Cricket_Arx.hpp */ = {isa = PBXFileReference; lastKnownFileType = sourcecode.cpp.h; path = TwistExpander_Cricket_Arx.hpp; sourceTree = "<group>"; };
		A51FF0F72FF4D0AA00A2DC79 /* TwistExpander_Cricket_Arx.cpp */ = {isa = PBXFileReference; lastKnownFileType = sourcecode.cpp.cpp; path = TwistExpander_Cricket_Arx.cpp; sourceTree = "<group>"; };
		A51FF0F82FF4D0AA00A2DC79 /* TwistExpander_Fencing.hpp */ = {isa = PBXFileReference; lastKnownFileType = sourcecode.cpp.h; path = TwistExpander_Fencing.hpp; sourceTree = "<group>"; };
		A51FF0F92FF4D0AA00A2DC79 /* TwistExpander_Fencing.cpp */ = {isa = PBXFileReference; lastKnownFileType = sourcecode.cpp.cpp; path = TwistExpander_Fencing.cpp; sourceTree = "<group>"; };
		A51FF0FA2FF4D0AA00A2DC79 /* TwistExpander_Fencing_Arx.hpp */ = {isa = PBXFileReference; lastKnownFileType = sourcecode.cpp.h; path = TwistExpander_Fencing_Arx.hpp; sourceTree = "<group>"; };
		A51FF0FB2FF4D0AA00A2DC79 /* TwistExpander_Fencing_Arx.cpp */ = {isa = PBXFileReference; lastKnownFileType = sourcecode.cpp.cpp; path = TwistExpander_Fencing_Arx.cpp; sourceTree = "<group>"; };
		A51FF0FC2FF4D0AA00A2DC79 /* TwistExpander_FootBall.hpp */ = {isa = PBXFileReference; lastKnownFileType = sourcecode.cpp.h; path = TwistExpander_FootBall.hpp; sourceTree = "<group>"; };
		A51FF0FD2FF4D0AA00A2DC79 /* TwistExpander_FootBall.cpp */ = {isa = PBXFileReference; lastKnownFileType = sourcecode.cpp.cpp; path = TwistExpander_FootBall.cpp; sourceTree = "<group>"; };
		A51FF0FE2FF4D0AA00A2DC79 /* TwistExpander_FootBall_Arx.hpp */ = {isa = PBXFileReference; lastKnownFileType = sourcecode.cpp.h; path = TwistExpander_FootBall_Arx.hpp; sourceTree = "<group>"; };
		A51FF0FF2FF4D0AA00A2DC79 /* TwistExpander_FootBall_Arx.cpp */ = {isa = PBXFileReference; lastKnownFileType = sourcecode.cpp.cpp; path = TwistExpander_FootBall_Arx.cpp; sourceTree = "<group>"; };
		A51FF1002FF4D0AA00A2DC79 /* TwistExpander_Golf.hpp */ = {isa = PBXFileReference; lastKnownFileType = sourcecode.cpp.h; path = TwistExpander_Golf.hpp; sourceTree = "<group>"; };
		A51FF1012FF4D0AA00A2DC79 /* TwistExpander_Golf.cpp */ = {isa = PBXFileReference; lastKnownFileType = sourcecode.cpp.cpp; path = TwistExpander_Golf.cpp; sourceTree = "<group>"; };
		A51FF1022FF4D0AA00A2DC79 /* TwistExpander_Golf_Arx.hpp */ = {isa = PBXFileReference; lastKnownFileType = sourcecode.cpp.h; path = TwistExpander_Golf_Arx.hpp; sourceTree = "<group>"; };
		A51FF1032FF4D0AA00A2DC79 /* TwistExpander_Golf_Arx.cpp */ = {isa = PBXFileReference; lastKnownFileType = sourcecode.cpp.cpp; path = TwistExpander_Golf_Arx.cpp; sourceTree = "<group>"; };
		A51FF1042FF4D0AA00A2DC79 /* TwistExpander_Hockey.hpp */ = {isa = PBXFileReference; lastKnownFileType = sourcecode.cpp.h; path = TwistExpander_Hockey.hpp; sourceTree = "<group>"; };
		A51FF1052FF4D0AA00A2DC79 /* TwistExpander_Hockey.cpp */ = {isa = PBXFileReference; lastKnownFileType = sourcecode.cpp.cpp; path = TwistExpander_Hockey.cpp; sourceTree = "<group>"; };
		A51FF1062FF4D0AA00A2DC79 /* TwistExpander_Hockey_Arx.hpp */ = {isa = PBXFileReference; lastKnownFileType = sourcecode.cpp.h; path = TwistExpander_Hockey_Arx.hpp; sourceTree = "<group>"; };
		A51FF1072FF4D0AA00A2DC79 /* TwistExpander_Hockey_Arx.cpp */ = {isa = PBXFileReference; lastKnownFileType = sourcecode.cpp.cpp; path = TwistExpander_Hockey_Arx.cpp; sourceTree = "<group>"; };
		A51FF1082FF4D0AA00A2DC79 /* TwistExpander_Karate.hpp */ = {isa = PBXFileReference; lastKnownFileType = sourcecode.cpp.h; path = TwistExpander_Karate.hpp; sourceTree = "<group>"; };
		A51FF1092FF4D0AA00A2DC79 /* TwistExpander_Karate.cpp */ = {isa = PBXFileReference; lastKnownFileType = sourcecode.cpp.cpp; path = TwistExpander_Karate.cpp; sourceTree = "<group>"; };
		A51FF10A2FF4D0AA00A2DC79 /* TwistExpander_Karate_Arx.hpp */ = {isa = PBXFileReference; lastKnownFileType = sourcecode.cpp.h; path = TwistExpander_Karate_Arx.hpp; sourceTree = "<group>"; };
		A51FF10B2FF4D0AA00A2DC79 /* TwistExpander_Karate_Arx.cpp */ = {isa = PBXFileReference; lastKnownFileType = sourcecode.cpp.cpp; path = TwistExpander_Karate_Arx.cpp; sourceTree = "<group>"; };
		A51FF10C2FF4D0AA00A2DC79 /* TwistExpander_Lacrosse.hpp */ = {isa = PBXFileReference; lastKnownFileType = sourcecode.cpp.h; path = TwistExpander_Lacrosse.hpp; sourceTree = "<group>"; };
		A51FF10D2FF4D0AA00A2DC79 /* TwistExpander_Lacrosse.cpp */ = {isa = PBXFileReference; lastKnownFileType = sourcecode.cpp.cpp; path = TwistExpander_Lacrosse.cpp; sourceTree = "<group>"; };
		A51FF10E2FF4D0AA00A2DC79 /* TwistExpander_Lacrosse_Arx.hpp */ = {isa = PBXFileReference; lastKnownFileType = sourcecode.cpp.h; path = TwistExpander_Lacrosse_Arx.hpp; sourceTree = "<group>"; };
		A51FF10F2FF4D0AA00A2DC79 /* TwistExpander_Lacrosse_Arx.cpp */ = {isa = PBXFileReference; lastKnownFileType = sourcecode.cpp.cpp; path = TwistExpander_Lacrosse_Arx.cpp; sourceTree = "<group>"; };
		A51FF1102FF4D0AA00A2DC79 /* TwistExpander_PickleBall.hpp */ = {isa = PBXFileReference; lastKnownFileType = sourcecode.cpp.h; path = TwistExpander_PickleBall.hpp; sourceTree = "<group>"; };
		A51FF1112FF4D0AA00A2DC79 /* TwistExpander_PickleBall.cpp */ = {isa = PBXFileReference; lastKnownFileType = sourcecode.cpp.cpp; path = TwistExpander_PickleBall.cpp; sourceTree = "<group>"; };
		A51FF1122FF4D0AA00A2DC79 /* TwistExpander_PickleBall_Arx.hpp */ = {isa = PBXFileReference; lastKnownFileType = sourcecode.cpp.h; path = TwistExpander_PickleBall_Arx.hpp; sourceTree = "<group>"; };
		A51FF1132FF4D0AA00A2DC79 /* TwistExpander_PickleBall_Arx.cpp */ = {isa = PBXFileReference; lastKnownFileType = sourcecode.cpp.cpp; path = TwistExpander_PickleBall_Arx.cpp; sourceTree = "<group>"; };
		A51FF1142FF4D0AA00A2DC79 /* TwistExpander_PingPong.hpp */ = {isa = PBXFileReference; lastKnownFileType = sourcecode.cpp.h; path = TwistExpander_PingPong.hpp; sourceTree = "<group>"; };
		A51FF1152FF4D0AA00A2DC79 /* TwistExpander_PingPong.cpp */ = {isa = PBXFileReference; lastKnownFileType = sourcecode.cpp.cpp; path = TwistExpander_PingPong.cpp; sourceTree = "<group>"; };
		A51FF1162FF4D0AA00A2DC79 /* TwistExpander_PingPong_Arx.hpp */ = {isa = PBXFileReference; lastKnownFileType = sourcecode.cpp.h; path = TwistExpander_PingPong_Arx.hpp; sourceTree = "<group>"; };
		A51FF1172FF4D0AA00A2DC79 /* TwistExpander_PingPong_Arx.cpp */ = {isa = PBXFileReference; lastKnownFileType = sourcecode.cpp.cpp; path = TwistExpander_PingPong_Arx.cpp; sourceTree = "<group>"; };
		A51FF1182FF4D0AA00A2DC79 /* TwistExpander_Rugby.hpp */ = {isa = PBXFileReference; lastKnownFileType = sourcecode.cpp.h; path = TwistExpander_Rugby.hpp; sourceTree = "<group>"; };
		A51FF1192FF4D0AA00A2DC79 /* TwistExpander_Rugby.cpp */ = {isa = PBXFileReference; lastKnownFileType = sourcecode.cpp.cpp; path = TwistExpander_Rugby.cpp; sourceTree = "<group>"; };
		A51FF11A2FF4D0AA00A2DC79 /* TwistExpander_Rugby_Arx.hpp */ = {isa = PBXFileReference; lastKnownFileType = sourcecode.cpp.h; path = TwistExpander_Rugby_Arx.hpp; sourceTree = "<group>"; };
		A51FF11B2FF4D0AA00A2DC79 /* TwistExpander_Rugby_Arx.cpp */ = {isa = PBXFileReference; lastKnownFileType = sourcecode.cpp.cpp; path = TwistExpander_Rugby_Arx.cpp; sourceTree = "<group>"; };
		A51FF11C2FF4D0AA00A2DC79 /* TwistExpander_Soccer.hpp */ = {isa = PBXFileReference; lastKnownFileType = sourcecode.cpp.h; path = TwistExpander_Soccer.hpp; sourceTree = "<group>"; };
		A51FF11D2FF4D0AA00A2DC79 /* TwistExpander_Soccer.cpp */ = {isa = PBXFileReference; lastKnownFileType = sourcecode.cpp.cpp; path = TwistExpander_Soccer.cpp; sourceTree = "<group>"; };
		A51FF11E2FF4D0AA00A2DC79 /* TwistExpander_Soccer_Arx.hpp */ = {isa = PBXFileReference; lastKnownFileType = sourcecode.cpp.h; path = TwistExpander_Soccer_Arx.hpp; sourceTree = "<group>"; };
		A51FF11F2FF4D0AA00A2DC79 /* TwistExpander_Soccer_Arx.cpp */ = {isa = PBXFileReference; lastKnownFileType = sourcecode.cpp.cpp; path = TwistExpander_Soccer_Arx.cpp; sourceTree = "<group>"; };
		A51FF1202FF4D0AA00A2DC79 /* TwistExpander_Tennis.hpp */ = {isa = PBXFileReference; lastKnownFileType = sourcecode.cpp.h; path = TwistExpander_Tennis.hpp; sourceTree = "<group>"; };
		A51FF1212FF4D0AA00A2DC79 /* TwistExpander_Tennis.cpp */ = {isa = PBXFileReference; lastKnownFileType = sourcecode.cpp.cpp; path = TwistExpander_Tennis.cpp; sourceTree = "<group>"; };
		A51FF1222FF4D0AA00A2DC79 /* TwistExpander_Tennis_Arx.hpp */ = {isa = PBXFileReference; lastKnownFileType = sourcecode.cpp.h; path = TwistExpander_Tennis_Arx.hpp; sourceTree = "<group>"; };
		A51FF1232FF4D0AA00A2DC79 /* TwistExpander_Tennis_Arx.cpp */ = {isa = PBXFileReference; lastKnownFileType = sourcecode.cpp.cpp; path = TwistExpander_Tennis_Arx.cpp; sourceTree = "<group>"; };
		A51FF1242FF4D0AA00A2DC79 /* TwistExpander_VolleyBall.hpp */ = {isa = PBXFileReference; lastKnownFileType = sourcecode.cpp.h; path = TwistExpander_VolleyBall.hpp; sourceTree = "<group>"; };
		A51FF1252FF4D0AA00A2DC79 /* TwistExpander_VolleyBall.cpp */ = {isa = PBXFileReference; lastKnownFileType = sourcecode.cpp.cpp; path = TwistExpander_VolleyBall.cpp; sourceTree = "<group>"; };
		A51FF1262FF4D0AA00A2DC79 /* TwistExpander_VolleyBall_Arx.hpp */ = {isa = PBXFileReference; lastKnownFileType = sourcecode.cpp.h; path = TwistExpander_VolleyBall_Arx.hpp; sourceTree = "<group>"; };
		A51FF1272FF4D0AA00A2DC79 /* TwistExpander_VolleyBall_Arx.cpp */ = {isa = PBXFileReference; lastKnownFileType = sourcecode.cpp.cpp; path = TwistExpander_VolleyBall_Arx.cpp; sourceTree = "<group>"; };
		A51FF1282FF4D0AA00A2DC79 /* TwistExpander_WaterPolo.hpp */ = {isa = PBXFileReference; lastKnownFileType = sourcecode.cpp.h; path = TwistExpander_WaterPolo.hpp; sourceTree = "<group>"; };
		A51FF1292FF4D0AA00A2DC79 /* TwistExpander_WaterPolo.cpp */ = {isa = PBXFileReference; lastKnownFileType = sourcecode.cpp.cpp; path = TwistExpander_WaterPolo.cpp; sourceTree = "<group>"; };
		A51FF12A2FF4D0AA00A2DC79 /* TwistExpander_WaterPolo_Arx.hpp */ = {isa = PBXFileReference; lastKnownFileType = sourcecode.cpp.h; path = TwistExpander_WaterPolo_Arx.hpp; sourceTree = "<group>"; };
		A51FF12B2FF4D0AA00A2DC79 /* TwistExpander_WaterPolo_Arx.cpp */ = {isa = PBXFileReference; lastKnownFileType = sourcecode.cpp.cpp; path = TwistExpander_WaterPolo_Arx.cpp; sourceTree = "<group>"; };
		A5A98EF02FEECE2A00BE9618 /* Army.app */ = {isa = PBXFileReference; explicitFileType = wrapper.application; includeInIndex = 0; path = Army.app; sourceTree = BUILT_PRODUCTS_DIR; };
		A5F888E82FEEDD9000433EDF /* AppDelegate.h */ = {isa = PBXFileReference; lastKnownFileType = sourcecode.c.h; path = AppDelegate.h; sourceTree = "<group>"; };
		A5F888E92FEEDD9000433EDF /* AppDelegate.mm */ = {isa = PBXFileReference; lastKnownFileType = sourcecode.cpp.objcpp; path = AppDelegate.mm; sourceTree = "<group>"; };
		A5F888EA2FEEDD9000433EDF /* Assets.xcassets */ = {isa = PBXFileReference; lastKnownFileType = folder.assetcatalog; path = Assets.xcassets; sourceTree = "<group>"; };
		A5F888EB2FEEDD9000433EDF /* Avalancher.hpp */ = {isa = PBXFileReference; lastKnownFileType = sourcecode.cpp.h; path = Avalancher.hpp; sourceTree = "<group>"; };
		A5F888EC2FEEDD9000433EDF /* Avalancher.cpp */ = {isa = PBXFileReference; lastKnownFileType = sourcecode.cpp.cpp; path = Avalancher.cpp; sourceTree = "<group>"; };
		A5F888ED2FEEDD9000433EDF /* FileIO.hpp */ = {isa = PBXFileReference; lastKnownFileType = sourcecode.cpp.h; path = FileIO.hpp; sourceTree = "<group>"; };
		A5F888EE2FEEDD9000433EDF /* FileIO.cpp */ = {isa = PBXFileReference; lastKnownFileType = sourcecode.cpp.cpp; path = FileIO.cpp; sourceTree = "<group>"; };
		A5F888EF2FEEDD9000433EDF /* main.m */ = {isa = PBXFileReference; lastKnownFileType = sourcecode.c.objc; path = main.m; sourceTree = "<group>"; };
		A5F888F02FEEDD9000433EDF /* Base */ = {isa = PBXFileReference; lastKnownFileType = file.xib; name = Base; path = Base.lproj/MainMenu.xib; sourceTree = "<group>"; };
		A5F888F22FEEDD9000433EDF /* Random.hpp */ = {isa = PBXFileReference; lastKnownFileType = sourcecode.cpp.h; path = Random.hpp; sourceTree = "<group>"; };
		A5F888F32FEEDD9000433EDF /* Random.cpp */ = {isa = PBXFileReference; lastKnownFileType = sourcecode.cpp.cpp; path = Random.cpp; sourceTree = "<group>"; };
		A5F888F42FEEDD9000433EDF /* Rig.hpp */ = {isa = PBXFileReference; lastKnownFileType = sourcecode.cpp.h; path = Rig.hpp; sourceTree = "<group>"; };
		A5F888F52FEEDD9000433EDF /* Rig.cpp */ = {isa = PBXFileReference; lastKnownFileType = sourcecode.cpp.cpp; path = Rig.cpp; sourceTree = "<group>"; };
/* End PBXFileReference section */

/* Begin PBXFrameworksBuildPhase section */
		A5A98EED2FEECE2A00BE9618 /* Frameworks */ = {
			isa = PBXFrameworksBuildPhase;
			buildActionMask = 2147483647;
			files = (
			);
			runOnlyForDeploymentPostprocessing = 0;
		};
/* End PBXFrameworksBuildPhase section */

/* Begin PBXGroup section */
		A51FF0B22FF4D09E00A2DC79 /* M88 */ = {
			isa = PBXGroup;
			children = (
				A51FF0AC2FF4D09E00A2DC79 /* M88.hpp */,
				A51FF0AD2FF4D09E00A2DC79 /* M88.cpp */,
				A51FF0AE2FF4D09E00A2DC79 /* M88QuadSelectsA.hpp */,
				A51FF0AF2FF4D09E00A2DC79 /* M88QuadSelectsB.hpp */,
				A51FF0B02FF4D09E00A2DC79 /* M88QuadSelectsC.hpp */,
				A51FF0B12FF4D09E00A2DC79 /* M88QuadSelectsD.hpp */,
			);
			path = M88;
			sourceTree = "<group>";
		};
		A51FF0CE2FF4D09E00A2DC79 /* Core */ = {
			isa = PBXGroup;
			children = (
				A51FF0B22FF4D09E00A2DC79 /* M88 */,
				A51FF0B32FF4D09E00A2DC79 /* TwistArray.hpp */,
				A51FF0B42FF4D09E00A2DC79 /* TwistCryptoScoring.hpp */,
				A51FF0B52FF4D09E00A2DC79 /* TwistCryptoScoring.cpp */,
				A51FF0B62FF4D09E00A2DC79 /* TwistDiffuse.hpp */,
				A51FF0B72FF4D09E00A2DC79 /* TwistDiffuse.cpp */,
				A51FF0B82FF4D09E00A2DC79 /* TwistExpander.hpp */,
				A51FF0B92FF4D09E00A2DC79 /* TwistExpander.cpp */,
				A51FF0BA2FF4D09E00A2DC79 /* TwistFarmConstants.hpp */,
				A51FF0BB2FF4D09E00A2DC79 /* TwistFarmConstants.cpp */,
				A51FF0BC2FF4D09E00A2DC79 /* TwistFarmSalt.hpp */,
				A51FF0BD2FF4D09E00A2DC79 /* TwistFarmSalt.cpp */,
				A51FF0BE2FF4D09E00A2DC79 /* TwistFunctional.hpp */,
				A51FF0BF2FF4D09E00A2DC79 /* TwistIndexShuffle.hpp */,
				A51FF0C02FF4D09E00A2DC79 /* TwistIndexShuffle.cpp */,
				A51FF0C12FF4D09E00A2DC79 /* TwistMemory.hpp */,
				A51FF0C22FF4D09E00A2DC79 /* TwistMix32.hpp */,
				A51FF0C32FF4D09E00A2DC79 /* TwistMix32.cpp */,
				A51FF0C42FF4D09E00A2DC79 /* TwistMix64.hpp */,
				A51FF0C52FF4D09E00A2DC79 /* TwistMix64.cpp */,
				A51FF0C62FF4D09E00A2DC79 /* TwistShiftBox.hpp */,
				A51FF0C72FF4D09E00A2DC79 /* TwistShiftBox.cpp */,
				A51FF0C82FF4D09E00A2DC79 /* TwistSnow.hpp */,
				A51FF0C92FF4D09E00A2DC79 /* TwistSnow.cpp */,
				A51FF0CA2FF4D09E00A2DC79 /* TwistSquash.hpp */,
				A51FF0CB2FF4D09E00A2DC79 /* TwistSquash.cpp */,
				A51FF0CC2FF4D09E00A2DC79 /* TwistWorkSpace.hpp */,
				A51FF0CD2FF4D09E00A2DC79 /* TwistWorkSpace.cpp */,
			);
			path = Core;
			sourceTree = "<group>";
		};
		A51FF12C2FF4D0AA00A2DC79 /* Family */ = {
			isa = PBXGroup;
			children = (
				A51FF0DC2FF4D0AA00A2DC79 /* TwistExpander_Archery.hpp */,
				A51FF0DD2FF4D0AA00A2DC79 /* TwistExpander_Archery.cpp */,
				A51FF0DE2FF4D0AA00A2DC79 /* TwistExpander_Archery_Arx.hpp */,
				A51FF0DF2FF4D0AA00A2DC79 /* TwistExpander_Archery_Arx.cpp */,
				A51FF0E02FF4D0AA00A2DC79 /* TwistExpander_BaseBall.hpp */,
				A51FF0E12FF4D0AA00A2DC79 /* TwistExpander_BaseBall.cpp */,
				A51FF0E22FF4D0AA00A2DC79 /* TwistExpander_BaseBall_Arx.hpp */,
				A51FF0E32FF4D0AA00A2DC79 /* TwistExpander_BaseBall_Arx.cpp */,
				A51FF0E42FF4D0AA00A2DC79 /* TwistExpander_BasketBall.hpp */,
				A51FF0E52FF4D0AA00A2DC79 /* TwistExpander_BasketBall.cpp */,
				A51FF0E62FF4D0AA00A2DC79 /* TwistExpander_BasketBall_Arx.hpp */,
				A51FF0E72FF4D0AA00A2DC79 /* TwistExpander_BasketBall_Arx.cpp */,
				A51FF0E82FF4D0AA00A2DC79 /* TwistExpander_Billiards.hpp */,
				A51FF0E92FF4D0AA00A2DC79 /* TwistExpander_Billiards.cpp */,
				A51FF0EA2FF4D0AA00A2DC79 /* TwistExpander_Billiards_Arx.hpp */,
				A51FF0EB2FF4D0AA00A2DC79 /* TwistExpander_Billiards_Arx.cpp */,
				A51FF0EC2FF4D0AA00A2DC79 /* TwistExpander_Bowling.hpp */,
				A51FF0ED2FF4D0AA00A2DC79 /* TwistExpander_Bowling.cpp */,
				A51FF0EE2FF4D0AA00A2DC79 /* TwistExpander_Bowling_Arx.hpp */,
				A51FF0EF2FF4D0AA00A2DC79 /* TwistExpander_Bowling_Arx.cpp */,
				A51FF0F02FF4D0AA00A2DC79 /* TwistExpander_Boxing.hpp */,
				A51FF0F12FF4D0AA00A2DC79 /* TwistExpander_Boxing.cpp */,
				A51FF0F22FF4D0AA00A2DC79 /* TwistExpander_Boxing_Arx.hpp */,
				A51FF0F32FF4D0AA00A2DC79 /* TwistExpander_Boxing_Arx.cpp */,
				A51FF0F42FF4D0AA00A2DC79 /* TwistExpander_Cricket.hpp */,
				A51FF0F52FF4D0AA00A2DC79 /* TwistExpander_Cricket.cpp */,
				A51FF0F62FF4D0AA00A2DC79 /* TwistExpander_Cricket_Arx.hpp */,
				A51FF0F72FF4D0AA00A2DC79 /* TwistExpander_Cricket_Arx.cpp */,
				A51FF0F82FF4D0AA00A2DC79 /* TwistExpander_Fencing.hpp */,
				A51FF0F92FF4D0AA00A2DC79 /* TwistExpander_Fencing.cpp */,
				A51FF0FA2FF4D0AA00A2DC79 /* TwistExpander_Fencing_Arx.hpp */,
				A51FF0FB2FF4D0AA00A2DC79 /* TwistExpander_Fencing_Arx.cpp */,
				A51FF0FC2FF4D0AA00A2DC79 /* TwistExpander_FootBall.hpp */,
				A51FF0FD2FF4D0AA00A2DC79 /* TwistExpander_FootBall.cpp */,
				A51FF0FE2FF4D0AA00A2DC79 /* TwistExpander_FootBall_Arx.hpp */,
				A51FF0FF2FF4D0AA00A2DC79 /* TwistExpander_FootBall_Arx.cpp */,
				A51FF1002FF4D0AA00A2DC79 /* TwistExpander_Golf.hpp */,
				A51FF1012FF4D0AA00A2DC79 /* TwistExpander_Golf.cpp */,
				A51FF1022FF4D0AA00A2DC79 /* TwistExpander_Golf_Arx.hpp */,
				A51FF1032FF4D0AA00A2DC79 /* TwistExpander_Golf_Arx.cpp */,
				A51FF1042FF4D0AA00A2DC79 /* TwistExpander_Hockey.hpp */,
				A51FF1052FF4D0AA00A2DC79 /* TwistExpander_Hockey.cpp */,
				A51FF1062FF4D0AA00A2DC79 /* TwistExpander_Hockey_Arx.hpp */,
				A51FF1072FF4D0AA00A2DC79 /* TwistExpander_Hockey_Arx.cpp */,
				A51FF1082FF4D0AA00A2DC79 /* TwistExpander_Karate.hpp */,
				A51FF1092FF4D0AA00A2DC79 /* TwistExpander_Karate.cpp */,
				A51FF10A2FF4D0AA00A2DC79 /* TwistExpander_Karate_Arx.hpp */,
				A51FF10B2FF4D0AA00A2DC79 /* TwistExpander_Karate_Arx.cpp */,
				A51FF10C2FF4D0AA00A2DC79 /* TwistExpander_Lacrosse.hpp */,
				A51FF10D2FF4D0AA00A2DC79 /* TwistExpander_Lacrosse.cpp */,
				A51FF10E2FF4D0AA00A2DC79 /* TwistExpander_Lacrosse_Arx.hpp */,
				A51FF10F2FF4D0AA00A2DC79 /* TwistExpander_Lacrosse_Arx.cpp */,
				A51FF1102FF4D0AA00A2DC79 /* TwistExpander_PickleBall.hpp */,
				A51FF1112FF4D0AA00A2DC79 /* TwistExpander_PickleBall.cpp */,
				A51FF1122FF4D0AA00A2DC79 /* TwistExpander_PickleBall_Arx.hpp */,
				A51FF1132FF4D0AA00A2DC79 /* TwistExpander_PickleBall_Arx.cpp */,
				A51FF1142FF4D0AA00A2DC79 /* TwistExpander_PingPong.hpp */,
				A51FF1152FF4D0AA00A2DC79 /* TwistExpander_PingPong.cpp */,
				A51FF1162FF4D0AA00A2DC79 /* TwistExpander_PingPong_Arx.hpp */,
				A51FF1172FF4D0AA00A2DC79 /* TwistExpander_PingPong_Arx.cpp */,
				A51FF1182FF4D0AA00A2DC79 /* TwistExpander_Rugby.hpp */,
				A51FF1192FF4D0AA00A2DC79 /* TwistExpander_Rugby.cpp */,
				A51FF11A2FF4D0AA00A2DC79 /* TwistExpander_Rugby_Arx.hpp */,
				A51FF11B2FF4D0AA00A2DC79 /* TwistExpander_Rugby_Arx.cpp */,
				A51FF11C2FF4D0AA00A2DC79 /* TwistExpander_Soccer.hpp */,
				A51FF11D2FF4D0AA00A2DC79 /* TwistExpander_Soccer.cpp */,
				A51FF11E2FF4D0AA00A2DC79 /* TwistExpander_Soccer_Arx.hpp */,
				A51FF11F2FF4D0AA00A2DC79 /* TwistExpander_Soccer_Arx.cpp */,
				A51FF1202FF4D0AA00A2DC79 /* TwistExpander_Tennis.hpp */,
				A51FF1212FF4D0AA00A2DC79 /* TwistExpander_Tennis.cpp */,
				A51FF1222FF4D0AA00A2DC79 /* TwistExpander_Tennis_Arx.hpp */,
				A51FF1232FF4D0AA00A2DC79 /* TwistExpander_Tennis_Arx.cpp */,
				A51FF1242FF4D0AA00A2DC79 /* TwistExpander_VolleyBall.hpp */,
				A51FF1252FF4D0AA00A2DC79 /* TwistExpander_VolleyBall.cpp */,
				A51FF1262FF4D0AA00A2DC79 /* TwistExpander_VolleyBall_Arx.hpp */,
				A51FF1272FF4D0AA00A2DC79 /* TwistExpander_VolleyBall_Arx.cpp */,
				A51FF1282FF4D0AA00A2DC79 /* TwistExpander_WaterPolo.hpp */,
				A51FF1292FF4D0AA00A2DC79 /* TwistExpander_WaterPolo.cpp */,
				A51FF12A2FF4D0AA00A2DC79 /* TwistExpander_WaterPolo_Arx.hpp */,
				A51FF12B2FF4D0AA00A2DC79 /* TwistExpander_WaterPolo_Arx.cpp */,
			);
			path = Family;
			sourceTree = "<group>";
		};
		A5A98EE72FEECE2A00BE9618 = {
			isa = PBXGroup;
			children = (
				A5F888F62FEEDD9000433EDF /* Soccer */,
				A5A98EF12FEECE2A00BE9618 /* Products */,
			);
			sourceTree = "<group>";
		};
		A5A98EF12FEECE2A00BE9618 /* Products */ = {
			isa = PBXGroup;
			children = (
				A5A98EF02FEECE2A00BE9618 /* Army.app */,
			);
			name = Products;
			sourceTree = "<group>";
		};
		A5F888E72FEEDD9000433EDF /* Expander */ = {
			isa = PBXGroup;
			children = (
				A51FF12C2FF4D0AA00A2DC79 /* Family */,
				A51FF0CE2FF4D09E00A2DC79 /* Core */,
			);
			path = Expander;
			sourceTree = "<group>";
		};
		A5F888F62FEEDD9000433EDF /* Soccer */ = {
			isa = PBXGroup;
			children = (
				A5F888E72FEEDD9000433EDF /* Expander */,
				A5F888E82FEEDD9000433EDF /* AppDelegate.h */,
				A5F888E92FEEDD9000433EDF /* AppDelegate.mm */,
				A5F888EA2FEEDD9000433EDF /* Assets.xcassets */,
				A5F888EB2FEEDD9000433EDF /* Avalancher.hpp */,
				A5F888EC2FEEDD9000433EDF /* Avalancher.cpp */,
				A5F888ED2FEEDD9000433EDF /* FileIO.hpp */,
				A5F888EE2FEEDD9000433EDF /* FileIO.cpp */,
				A5F888EF2FEEDD9000433EDF /* main.m */,
				A5F888F12FEEDD9000433EDF /* MainMenu.xib */,
				A5F888F22FEEDD9000433EDF /* Random.hpp */,
				A5F888F32FEEDD9000433EDF /* Random.cpp */,
				A5F888F42FEEDD9000433EDF /* Rig.hpp */,
				A5F888F52FEEDD9000433EDF /* Rig.cpp */,
			);
			path = Soccer;
			sourceTree = "<group>";
		};
/* End PBXGroup section */

/* Begin PBXNativeTarget section */
		A5A98EEF2FEECE2A00BE9618 /* Army */ = {
			isa = PBXNativeTarget;
			buildConfigurationList = A5A98EFF2FEECE2B00BE9618 /* Build configuration list for PBXNativeTarget "Army" */;
			buildPhases = (
				A5A98EEC2FEECE2A00BE9618 /* Sources */,
				A5A98EED2FEECE2A00BE9618 /* Frameworks */,
				A5A98EEE2FEECE2A00BE9618 /* Resources */,
			);
			buildRules = (
			);
			dependencies = (
			);
			name = Army;
			packageProductDependencies = (
			);
			productName = Army;
			productReference = A5A98EF02FEECE2A00BE9618 /* Army.app */;
			productType = "com.apple.product-type.application";
		};
/* End PBXNativeTarget section */

/* Begin PBXProject section */
		A5A98EE82FEECE2A00BE9618 /* Project object */ = {
			isa = PBXProject;
			attributes = {
				BuildIndependentTargetsInParallel = 1;
				LastUpgradeCheck = 2650;
				TargetAttributes = {
					A5A98EEF2FEECE2A00BE9618 = {
						CreatedOnToolsVersion = 26.5;
					};
				};
			};
			buildConfigurationList = A5A98EEB2FEECE2A00BE9618 /* Build configuration list for PBXProject "Army" */;
			developmentRegion = en;
			hasScannedForEncodings = 0;
			knownRegions = (
				en,
				Base,
			);
			mainGroup = A5A98EE72FEECE2A00BE9618;
			minimizedProjectReferenceProxies = 1;
			preferredProjectObjectVersion = 77;
			productRefGroup = A5A98EF12FEECE2A00BE9618 /* Products */;
			projectDirPath = "";
			projectRoot = "";
			targets = (
				A5A98EEF2FEECE2A00BE9618 /* Army */,
			);
		};
/* End PBXProject section */

/* Begin PBXResourcesBuildPhase section */
		A5A98EEE2FEECE2A00BE9618 /* Resources */ = {
			isa = PBXResourcesBuildPhase;
			buildActionMask = 2147483647;
			files = (
				A5F889332FEEDD9000433EDF /* MainMenu.xib in Resources */,
				A5F889342FEEDD9000433EDF /* Assets.xcassets in Resources */,
			);
			runOnlyForDeploymentPostprocessing = 0;
		};
/* End PBXResourcesBuildPhase section */

/* Begin PBXSourcesBuildPhase section */
		A5A98EEC2FEECE2A00BE9618 /* Sources */ = {
			isa = PBXSourcesBuildPhase;
			buildActionMask = 2147483647;
			files = (
				A51FF12D2FF4D0AA00A2DC79 /* TwistExpander_PingPong_Arx.cpp in Sources */,
				A51FF12E2FF4D0AA00A2DC79 /* TwistExpander_BaseBall.cpp in Sources */,
				A51FF12F2FF4D0AA00A2DC79 /* TwistExpander_Fencing.cpp in Sources */,
				A51FF1302FF4D0AA00A2DC79 /* TwistExpander_Bowling_Arx.cpp in Sources */,
				A51FF1312FF4D0AA00A2DC79 /* TwistExpander_Golf_Arx.cpp in Sources */,
				A51FF1322FF4D0AA00A2DC79 /* TwistExpander_Cricket.cpp in Sources */,
				A51FF1332FF4D0AA00A2DC79 /* TwistExpander_Karate.cpp in Sources */,
				A51FF1342FF4D0AA00A2DC79 /* TwistExpander_Rugby.cpp in Sources */,
				A51FF1352FF4D0AA00A2DC79 /* TwistExpander_BasketBall.cpp in Sources */,
				A51FF1362FF4D0AA00A2DC79 /* TwistExpander_Lacrosse_Arx.cpp in Sources */,
				A51FF1372FF4D0AA00A2DC79 /* TwistExpander_Hockey.cpp in Sources */,
				A51FF1382FF4D0AA00A2DC79 /* TwistExpander_Billiards_Arx.cpp in Sources */,
				A51FF1392FF4D0AA00A2DC79 /* TwistExpander_Golf.cpp in Sources */,
				A51FF13A2FF4D0AA00A2DC79 /* TwistExpander_WaterPolo_Arx.cpp in Sources */,
				A51FF13B2FF4D0AA00A2DC79 /* TwistExpander_WaterPolo.cpp in Sources */,
				A51FF13C2FF4D0AA00A2DC79 /* TwistExpander_PickleBall_Arx.cpp in Sources */,
				A51FF13D2FF4D0AA00A2DC79 /* TwistExpander_Archery_Arx.cpp in Sources */,
				A51FF13E2FF4D0AA00A2DC79 /* TwistExpander_PickleBall.cpp in Sources */,
				A51FF13F2FF4D0AA00A2DC79 /* TwistExpander_Billiards.cpp in Sources */,
				A51FF1402FF4D0AA00A2DC79 /* TwistExpander_BasketBall_Arx.cpp in Sources */,
				A51FF1412FF4D0AA00A2DC79 /* TwistExpander_FootBall.cpp in Sources */,
				A51FF1422FF4D0AA00A2DC79 /* TwistExpander_Lacrosse.cpp in Sources */,
				A51FF1432FF4D0AA00A2DC79 /* TwistExpander_Bowling.cpp in Sources */,
				A51FF1442FF4D0AA00A2DC79 /* TwistExpander_Tennis.cpp in Sources */,
				A51FF1452FF4D0AA00A2DC79 /* TwistExpander_Cricket_Arx.cpp in Sources */,
				A51FF1462FF4D0AA00A2DC79 /* TwistExpander_FootBall_Arx.cpp in Sources */,
				A51FF1472FF4D0AA00A2DC79 /* TwistExpander_Tennis_Arx.cpp in Sources */,
				A51FF1482FF4D0AA00A2DC79 /* TwistExpander_Karate_Arx.cpp in Sources */,
				A51FF1492FF4D0AA00A2DC79 /* TwistExpander_Boxing_Arx.cpp in Sources */,
				A51FF14A2FF4D0AA00A2DC79 /* TwistExpander_PingPong.cpp in Sources */,
				A51FF14B2FF4D0AA00A2DC79 /* TwistExpander_Hockey_Arx.cpp in Sources */,
				A51FF14C2FF4D0AA00A2DC79 /* TwistExpander_Soccer.cpp in Sources */,
				A51FF14D2FF4D0AA00A2DC79 /* TwistExpander_Soccer_Arx.cpp in Sources */,
				A51FF14E2FF4D0AA00A2DC79 /* TwistExpander_Fencing_Arx.cpp in Sources */,
				A51FF14F2FF4D0AA00A2DC79 /* TwistExpander_Archery.cpp in Sources */,
				A51FF1502FF4D0AA00A2DC79 /* TwistExpander_VolleyBall_Arx.cpp in Sources */,
				A51FF1512FF4D0AA00A2DC79 /* TwistExpander_BaseBall_Arx.cpp in Sources */,
				A51FF1522FF4D0AA00A2DC79 /* TwistExpander_Boxing.cpp in Sources */,
				A51FF1532FF4D0AA00A2DC79 /* TwistExpander_Rugby_Arx.cpp in Sources */,
				A51FF1542FF4D0AA00A2DC79 /* TwistExpander_VolleyBall.cpp in Sources */,
				A5F888FC2FEEDD9000433EDF /* Avalancher.cpp in Sources */,
				A5F889022FEEDD9000433EDF /* Random.cpp in Sources */,
				A5F889072FEEDD9000433EDF /* main.m in Sources */,
				A5F8890E2FEEDD9000433EDF /* Rig.cpp in Sources */,
				A51FF0CF2FF4D09E00A2DC79 /* TwistDiffuse.cpp in Sources */,
				A51FF0D02FF4D09E00A2DC79 /* TwistExpander.cpp in Sources */,
				A51FF0D12FF4D09E00A2DC79 /* TwistSquash.cpp in Sources */,
				A51FF0D22FF4D09E00A2DC79 /* TwistWorkSpace.cpp in Sources */,
				A51FF0D32FF4D09E00A2DC79 /* TwistFarmConstants.cpp in Sources */,
				A51FF0D42FF4D09E00A2DC79 /* TwistCryptoScoring.cpp in Sources */,
				A51FF0D52FF4D09E00A2DC79 /* M88.cpp in Sources */,
				A51FF0D62FF4D09E00A2DC79 /* TwistMix32.cpp in Sources */,
				A51FF0D72FF4D09E00A2DC79 /* TwistMix64.cpp in Sources */,
				A51FF0D82FF4D09E00A2DC79 /* TwistSnow.cpp in Sources */,
				A51FF0D92FF4D09E00A2DC79 /* TwistFarmSalt.cpp in Sources */,
				A51FF0DA2FF4D09E00A2DC79 /* TwistIndexShuffle.cpp in Sources */,
				A51FF0DB2FF4D09E00A2DC79 /* TwistShiftBox.cpp in Sources */,
				A5F8891B2FEEDD9000433EDF /* AppDelegate.mm in Sources */,
				A5F8891F2FEEDD9000433EDF /* FileIO.cpp in Sources */,
			);
			runOnlyForDeploymentPostprocessing = 0;
		};
/* End PBXSourcesBuildPhase section */

/* Begin PBXVariantGroup section */
		A5F888F12FEEDD9000433EDF /* MainMenu.xib */ = {
			isa = PBXVariantGroup;
			children = (
				A5F888F02FEEDD9000433EDF /* Base */,
			);
			name = MainMenu.xib;
			sourceTree = "<group>";
		};
/* End PBXVariantGroup section */

/* Begin XCBuildConfiguration section */
		A5A98EFD2FEECE2B00BE9618 /* Debug */ = {
			isa = XCBuildConfiguration;
			buildSettings = {
				ALWAYS_SEARCH_USER_PATHS = NO;
				ASSETCATALOG_COMPILER_GENERATE_SWIFT_ASSET_SYMBOL_EXTENSIONS = YES;
				CLANG_ANALYZER_NONNULL = YES;
				CLANG_ANALYZER_NUMBER_OBJECT_CONVERSION = YES_AGGRESSIVE;
				CLANG_CXX_LANGUAGE_STANDARD = "gnu++20";
				CLANG_ENABLE_MODULES = YES;
				CLANG_ENABLE_OBJC_ARC = YES;
				CLANG_ENABLE_OBJC_WEAK = YES;
				CLANG_WARN_BLOCK_CAPTURE_AUTORELEASING = YES;
				CLANG_WARN_BOOL_CONVERSION = YES;
				CLANG_WARN_COMMA = YES;
				CLANG_WARN_CONSTANT_CONVERSION = YES;
				CLANG_WARN_DEPRECATED_OBJC_IMPLEMENTATIONS = YES;
				CLANG_WARN_DIRECT_OBJC_ISA_USAGE = YES_ERROR;
				CLANG_WARN_DOCUMENTATION_COMMENTS = YES;
				CLANG_WARN_EMPTY_BODY = YES;
				CLANG_WARN_ENUM_CONVERSION = YES;
				CLANG_WARN_INFINITE_RECURSION = YES;
				CLANG_WARN_INT_CONVERSION = YES;
				CLANG_WARN_NON_LITERAL_NULL_CONVERSION = YES;
				CLANG_WARN_OBJC_IMPLICIT_RETAIN_SELF = YES;
				CLANG_WARN_OBJC_LITERAL_CONVERSION = YES;
				CLANG_WARN_OBJC_ROOT_CLASS = YES_ERROR;
				CLANG_WARN_QUOTED_INCLUDE_IN_FRAMEWORK_HEADER = YES;
				CLANG_WARN_RANGE_LOOP_ANALYSIS = YES;
				CLANG_WARN_STRICT_PROTOTYPES = YES;
				CLANG_WARN_SUSPICIOUS_MOVE = YES;
				CLANG_WARN_UNGUARDED_AVAILABILITY = YES_AGGRESSIVE;
				CLANG_WARN_UNREACHABLE_CODE = YES;
				CLANG_WARN__DUPLICATE_METHOD_MATCH = YES;
				COPY_PHASE_STRIP = NO;
				DEBUG_INFORMATION_FORMAT = dwarf;
				ENABLE_STRICT_OBJC_MSGSEND = YES;
				ENABLE_TESTABILITY = YES;
				ENABLE_USER_SCRIPT_SANDBOXING = YES;
				GCC_C_LANGUAGE_STANDARD = gnu17;
				GCC_DYNAMIC_NO_PIC = NO;
				GCC_NO_COMMON_BLOCKS = YES;
				GCC_OPTIMIZATION_LEVEL = 0;
				GCC_PREPROCESSOR_DEFINITIONS = (
					"DEBUG=1",
					"$(inherited)",
				);
				GCC_WARN_64_TO_32_BIT_CONVERSION = YES;
				GCC_WARN_ABOUT_RETURN_TYPE = YES_ERROR;
				GCC_WARN_UNDECLARED_SELECTOR = YES;
				GCC_WARN_UNINITIALIZED_AUTOS = YES_AGGRESSIVE;
				GCC_WARN_UNUSED_FUNCTION = YES;
				GCC_WARN_UNUSED_VARIABLE = YES;
				LOCALIZATION_PREFERS_STRING_CATALOGS = YES;
				MACOSX_DEPLOYMENT_TARGET = 26.5;
				MTL_ENABLE_DEBUG_INFO = INCLUDE_SOURCE;
				MTL_FAST_MATH = YES;
				ONLY_ACTIVE_ARCH = YES;
				SDKROOT = macosx;
			};
			name = Debug;
		};
		A5A98EFE2FEECE2B00BE9618 /* Release */ = {
			isa = XCBuildConfiguration;
			buildSettings = {
				ALWAYS_SEARCH_USER_PATHS = NO;
				ASSETCATALOG_COMPILER_GENERATE_SWIFT_ASSET_SYMBOL_EXTENSIONS = YES;
				CLANG_ANALYZER_NONNULL = YES;
				CLANG_ANALYZER_NUMBER_OBJECT_CONVERSION = YES_AGGRESSIVE;
				CLANG_CXX_LANGUAGE_STANDARD = "gnu++20";
				CLANG_ENABLE_MODULES = YES;
				CLANG_ENABLE_OBJC_ARC = YES;
				CLANG_ENABLE_OBJC_WEAK = YES;
				CLANG_WARN_BLOCK_CAPTURE_AUTORELEASING = YES;
				CLANG_WARN_BOOL_CONVERSION = YES;
				CLANG_WARN_COMMA = YES;
				CLANG_WARN_CONSTANT_CONVERSION = YES;
				CLANG_WARN_DEPRECATED_OBJC_IMPLEMENTATIONS = YES;
				CLANG_WARN_DIRECT_OBJC_ISA_USAGE = YES_ERROR;
				CLANG_WARN_DOCUMENTATION_COMMENTS = YES;
				CLANG_WARN_EMPTY_BODY = YES;
				CLANG_WARN_ENUM_CONVERSION = YES;
				CLANG_WARN_INFINITE_RECURSION = YES;
				CLANG_WARN_INT_CONVERSION = YES;
				CLANG_WARN_NON_LITERAL_NULL_CONVERSION = YES;
				CLANG_WARN_OBJC_IMPLICIT_RETAIN_SELF = YES;
				CLANG_WARN_OBJC_LITERAL_CONVERSION = YES;
				CLANG_WARN_OBJC_ROOT_CLASS = YES_ERROR;
				CLANG_WARN_QUOTED_INCLUDE_IN_FRAMEWORK_HEADER = YES;
				CLANG_WARN_RANGE_LOOP_ANALYSIS = YES;
				CLANG_WARN_STRICT_PROTOTYPES = YES;
				CLANG_WARN_SUSPICIOUS_MOVE = YES;
				CLANG_WARN_UNGUARDED_AVAILABILITY = YES_AGGRESSIVE;
				CLANG_WARN_UNREACHABLE_CODE = YES;
				CLANG_WARN__DUPLICATE_METHOD_MATCH = YES;
				COPY_PHASE_STRIP = NO;
				DEBUG_INFORMATION_FORMAT = "dwarf-with-dsym";
				ENABLE_NS_ASSERTIONS = NO;
				ENABLE_STRICT_OBJC_MSGSEND = YES;
				ENABLE_USER_SCRIPT_SANDBOXING = YES;
				GCC_C_LANGUAGE_STANDARD = gnu17;
				GCC_NO_COMMON_BLOCKS = YES;
				GCC_WARN_64_TO_32_BIT_CONVERSION = YES;
				GCC_WARN_ABOUT_RETURN_TYPE = YES_ERROR;
				GCC_WARN_UNDECLARED_SELECTOR = YES;
				GCC_WARN_UNINITIALIZED_AUTOS = YES_AGGRESSIVE;
				GCC_WARN_UNUSED_FUNCTION = YES;
				GCC_WARN_UNUSED_VARIABLE = YES;
				LOCALIZATION_PREFERS_STRING_CATALOGS = YES;
				MACOSX_DEPLOYMENT_TARGET = 26.5;
				MTL_ENABLE_DEBUG_INFO = NO;
				MTL_FAST_MATH = YES;
				SDKROOT = macosx;
			};
			name = Release;
		};
		A5A98F002FEECE2B00BE9618 /* Debug */ = {
			isa = XCBuildConfiguration;
			buildSettings = {
				ASSETCATALOG_COMPILER_APPICON_NAME = AppIcon;
				ASSETCATALOG_COMPILER_GLOBAL_ACCENT_COLOR_NAME = AccentColor;
				CODE_SIGN_STYLE = Automatic;
				COMBINE_HIDPI_IMAGES = YES;
				CURRENT_PROJECT_VERSION = 1;
				ENABLE_APP_SANDBOX = YES;
				ENABLE_USER_SELECTED_FILES = readonly;
				GENERATE_INFOPLIST_FILE = YES;
				INFOPLIST_KEY_NSHumanReadableCopyright = "";
				INFOPLIST_KEY_NSMainNibFile = MainMenu;
				INFOPLIST_KEY_NSPrincipalClass = NSApplication;
				LD_RUNPATH_SEARCH_PATHS = (
					"$(inherited)",
					"@executable_path/../Frameworks",
				);
				MARKETING_VERSION = 1.0;
				PRODUCT_BUNDLE_IDENTIFIER = com.army.mil.Army;
				PRODUCT_NAME = "$(TARGET_NAME)";
				REGISTER_APP_GROUPS = YES;
				STRING_CATALOG_GENERATE_SYMBOLS = YES;
				SWIFT_EMIT_LOC_STRINGS = YES;
			};
			name = Debug;
		};
		A5A98F012FEECE2B00BE9618 /* Release */ = {
			isa = XCBuildConfiguration;
			buildSettings = {
				ASSETCATALOG_COMPILER_APPICON_NAME = AppIcon;
				ASSETCATALOG_COMPILER_GLOBAL_ACCENT_COLOR_NAME = AccentColor;
				CODE_SIGN_STYLE = Automatic;
				COMBINE_HIDPI_IMAGES = YES;
				CURRENT_PROJECT_VERSION = 1;
				ENABLE_APP_SANDBOX = YES;
				ENABLE_USER_SELECTED_FILES = readonly;
				GENERATE_INFOPLIST_FILE = YES;
				INFOPLIST_KEY_NSHumanReadableCopyright = "";
				INFOPLIST_KEY_NSMainNibFile = MainMenu;
				INFOPLIST_KEY_NSPrincipalClass = NSApplication;
				LD_RUNPATH_SEARCH_PATHS = (
					"$(inherited)",
					"@executable_path/../Frameworks",
				);
				MARKETING_VERSION = 1.0;
				PRODUCT_BUNDLE_IDENTIFIER = com.army.mil.Army;
				PRODUCT_NAME = "$(TARGET_NAME)";
				REGISTER_APP_GROUPS = YES;
				STRING_CATALOG_GENERATE_SYMBOLS = YES;
				SWIFT_EMIT_LOC_STRINGS = YES;
			};
			name = Release;
		};
/* End XCBuildConfiguration section */

/* Begin XCConfigurationList section */
		A5A98EEB2FEECE2A00BE9618 /* Build configuration list for PBXProject "Army" */ = {
			isa = XCConfigurationList;
			buildConfigurations = (
				A5A98EFD2FEECE2B00BE9618 /* Debug */,
				A5A98EFE2FEECE2B00BE9618 /* Release */,
			);
			defaultConfigurationIsVisible = 0;
			defaultConfigurationName = Release;
		};
		A5A98EFF2FEECE2B00BE9618 /* Build configuration list for PBXNativeTarget "Army" */ = {
			isa = XCConfigurationList;
			buildConfigurations = (
				A5A98F002FEECE2B00BE9618 /* Debug */,
				A5A98F012FEECE2B00BE9618 /* Release */,
			);
			defaultConfigurationIsVisible = 0;
			defaultConfigurationName = Release;
		};
/* End XCConfigurationList section */
	};
	rootObject = A5A98EE82FEECE2A00BE9618 /* Project object */;
}
