// !$*UTF8*$!
{
	archiveVersion = 1;
	classes = {
	};
	objectVersion = 77;
	objects = {

/* Begin PBXBuildFile section */
		A56835CB2FF2ADA6002524E4 /* TwistExpander_Bowling.cpp in Sources */ = {isa = PBXBuildFile; fileRef = A568358B2FF2ADA6002524E4 /* TwistExpander_Bowling.cpp */; };
		A56835CC2FF2ADA6002524E4 /* TwistExpander_Archery.cpp in Sources */ = {isa = PBXBuildFile; fileRef = A568357B2FF2ADA6002524E4 /* TwistExpander_Archery.cpp */; };
		A56835CD2FF2ADA6002524E4 /* TwistExpander_Billiards_Arx.cpp in Sources */ = {isa = PBXBuildFile; fileRef = A56835892FF2ADA6002524E4 /* TwistExpander_Billiards_Arx.cpp */; };
		A56835CE2FF2ADA6002524E4 /* TwistExpander_Archery_Arx.cpp in Sources */ = {isa = PBXBuildFile; fileRef = A568357D2FF2ADA6002524E4 /* TwistExpander_Archery_Arx.cpp */; };
		A56835CF2FF2ADA6002524E4 /* TwistExpander_Tennis.cpp in Sources */ = {isa = PBXBuildFile; fileRef = A56835BF2FF2ADA6002524E4 /* TwistExpander_Tennis.cpp */; };
		A56835D02FF2ADA6002524E4 /* TwistExpander_Karate_Arx.cpp in Sources */ = {isa = PBXBuildFile; fileRef = A56835A92FF2ADA6002524E4 /* TwistExpander_Karate_Arx.cpp */; };
		A56835D12FF2ADA6002524E4 /* TwistExpander_Billiards.cpp in Sources */ = {isa = PBXBuildFile; fileRef = A56835872FF2ADA6002524E4 /* TwistExpander_Billiards.cpp */; };
		A56835D22FF2ADA6002524E4 /* TwistExpander_Karate.cpp in Sources */ = {isa = PBXBuildFile; fileRef = A56835A72FF2ADA6002524E4 /* TwistExpander_Karate.cpp */; };
		A56835D32FF2ADA6002524E4 /* TwistExpander_WaterPolo.cpp in Sources */ = {isa = PBXBuildFile; fileRef = A56835C72FF2ADA6002524E4 /* TwistExpander_WaterPolo.cpp */; };
		A56835D42FF2ADA6002524E4 /* TwistExpander_PickleBall.cpp in Sources */ = {isa = PBXBuildFile; fileRef = A56835AF2FF2ADA6002524E4 /* TwistExpander_PickleBall.cpp */; };
		A56835D52FF2ADA6002524E4 /* TwistExpander_VolleyBall.cpp in Sources */ = {isa = PBXBuildFile; fileRef = A56835C32FF2ADA6002524E4 /* TwistExpander_VolleyBall.cpp */; };
		A56835D62FF2ADA6002524E4 /* TwistExpander_Tennis_Arx.cpp in Sources */ = {isa = PBXBuildFile; fileRef = A56835C12FF2ADA6002524E4 /* TwistExpander_Tennis_Arx.cpp */; };
		A56835D72FF2ADA6002524E4 /* TwistExpander_PickleBall_Arx.cpp in Sources */ = {isa = PBXBuildFile; fileRef = A56835B12FF2ADA6002524E4 /* TwistExpander_PickleBall_Arx.cpp */; };
		A56835D82FF2ADA6002524E4 /* TwistExpander_Lacrosse_Arx.cpp in Sources */ = {isa = PBXBuildFile; fileRef = A56835AD2FF2ADA6002524E4 /* TwistExpander_Lacrosse_Arx.cpp */; };
		A56835D92FF2ADA6002524E4 /* TwistExpander_Rugby.cpp in Sources */ = {isa = PBXBuildFile; fileRef = A56835B72FF2ADA6002524E4 /* TwistExpander_Rugby.cpp */; };
		A56835DA2FF2ADA6002524E4 /* TwistExpander_Fencing.cpp in Sources */ = {isa = PBXBuildFile; fileRef = A56835972FF2ADA6002524E4 /* TwistExpander_Fencing.cpp */; };
		A56835DB2FF2ADA6002524E4 /* TwistExpander_BasketBall.cpp in Sources */ = {isa = PBXBuildFile; fileRef = A56835832FF2ADA6002524E4 /* TwistExpander_BasketBall.cpp */; };
		A56835DC2FF2ADA6002524E4 /* TwistExpander_Hockey_Arx.cpp in Sources */ = {isa = PBXBuildFile; fileRef = A56835A52FF2ADA6002524E4 /* TwistExpander_Hockey_Arx.cpp */; };
		A56835DD2FF2ADA6002524E4 /* TwistExpander_PingPong.cpp in Sources */ = {isa = PBXBuildFile; fileRef = A56835B32FF2ADA6002524E4 /* TwistExpander_PingPong.cpp */; };
		A56835DE2FF2ADA6002524E4 /* TwistExpander_Golf.cpp in Sources */ = {isa = PBXBuildFile; fileRef = A568359F2FF2ADA6002524E4 /* TwistExpander_Golf.cpp */; };
		A56835DF2FF2ADA6002524E4 /* TwistExpander_WaterPolo_Arx.cpp in Sources */ = {isa = PBXBuildFile; fileRef = A56835C92FF2ADA6002524E4 /* TwistExpander_WaterPolo_Arx.cpp */; };
		A56835E02FF2ADA6002524E4 /* TwistExpander_BasketBall_Arx.cpp in Sources */ = {isa = PBXBuildFile; fileRef = A56835852FF2ADA6002524E4 /* TwistExpander_BasketBall_Arx.cpp */; };
		A56835E12FF2ADA6002524E4 /* TwistExpander_Cricket_Arx.cpp in Sources */ = {isa = PBXBuildFile; fileRef = A56835952FF2ADA6002524E4 /* TwistExpander_Cricket_Arx.cpp */; };
		A56835E22FF2ADA6002524E4 /* TwistExpander_Rugby_Arx.cpp in Sources */ = {isa = PBXBuildFile; fileRef = A56835B92FF2ADA6002524E4 /* TwistExpander_Rugby_Arx.cpp */; };
		A56835E32FF2ADA6002524E4 /* TwistExpander_Golf_Arx.cpp in Sources */ = {isa = PBXBuildFile; fileRef = A56835A12FF2ADA6002524E4 /* TwistExpander_Golf_Arx.cpp */; };
		A56835E42FF2ADA6002524E4 /* TwistExpander_VolleyBall_Arx.cpp in Sources */ = {isa = PBXBuildFile; fileRef = A56835C52FF2ADA6002524E4 /* TwistExpander_VolleyBall_Arx.cpp */; };
		A56835E52FF2ADA6002524E4 /* TwistExpander_Boxing_Arx.cpp in Sources */ = {isa = PBXBuildFile; fileRef = A56835912FF2ADA6002524E4 /* TwistExpander_Boxing_Arx.cpp */; };
		A56835E62FF2ADA6002524E4 /* TwistExpander_FootBall_Arx.cpp in Sources */ = {isa = PBXBuildFile; fileRef = A568359D2FF2ADA6002524E4 /* TwistExpander_FootBall_Arx.cpp */; };
		A56835E72FF2ADA6002524E4 /* TwistExpander_BaseBall_Arx.cpp in Sources */ = {isa = PBXBuildFile; fileRef = A56835812FF2ADA6002524E4 /* TwistExpander_BaseBall_Arx.cpp */; };
		A56835E82FF2ADA6002524E4 /* TwistExpander_Hockey.cpp in Sources */ = {isa = PBXBuildFile; fileRef = A56835A32FF2ADA6002524E4 /* TwistExpander_Hockey.cpp */; };
		A56835E92FF2ADA6002524E4 /* TwistExpander_Cricket.cpp in Sources */ = {isa = PBXBuildFile; fileRef = A56835932FF2ADA6002524E4 /* TwistExpander_Cricket.cpp */; };
		A56835EA2FF2ADA6002524E4 /* TwistExpander_BaseBall.cpp in Sources */ = {isa = PBXBuildFile; fileRef = A568357F2FF2ADA6002524E4 /* TwistExpander_BaseBall.cpp */; };
		A56835EB2FF2ADA6002524E4 /* TwistExpander_FootBall.cpp in Sources */ = {isa = PBXBuildFile; fileRef = A568359B2FF2ADA6002524E4 /* TwistExpander_FootBall.cpp */; };
		A56835EC2FF2ADA6002524E4 /* TwistExpander_Boxing.cpp in Sources */ = {isa = PBXBuildFile; fileRef = A568358F2FF2ADA6002524E4 /* TwistExpander_Boxing.cpp */; };
		A56835ED2FF2ADA6002524E4 /* TwistExpander_Soccer.cpp in Sources */ = {isa = PBXBuildFile; fileRef = A56835BB2FF2ADA6002524E4 /* TwistExpander_Soccer.cpp */; };
		A56835EE2FF2ADA6002524E4 /* TwistExpander_Bowling_Arx.cpp in Sources */ = {isa = PBXBuildFile; fileRef = A568358D2FF2ADA6002524E4 /* TwistExpander_Bowling_Arx.cpp */; };
		A56835EF2FF2ADA6002524E4 /* TwistExpander_Soccer_Arx.cpp in Sources */ = {isa = PBXBuildFile; fileRef = A56835BD2FF2ADA6002524E4 /* TwistExpander_Soccer_Arx.cpp */; };
		A56835F02FF2ADA6002524E4 /* TwistExpander_Lacrosse.cpp in Sources */ = {isa = PBXBuildFile; fileRef = A56835AB2FF2ADA6002524E4 /* TwistExpander_Lacrosse.cpp */; };
		A56835F12FF2ADA6002524E4 /* TwistExpander_Fencing_Arx.cpp in Sources */ = {isa = PBXBuildFile; fileRef = A56835992FF2ADA6002524E4 /* TwistExpander_Fencing_Arx.cpp */; };
		A56835F22FF2ADA6002524E4 /* TwistExpander_PingPong_Arx.cpp in Sources */ = {isa = PBXBuildFile; fileRef = A56835B52FF2ADA6002524E4 /* TwistExpander_PingPong_Arx.cpp */; };
		A5F888FC2FEEDD9000433EDF /* Avalancher.cpp in Sources */ = {isa = PBXBuildFile; fileRef = A5F888EC2FEEDD9000433EDF /* Avalancher.cpp */; };
		A5F889012FEEDD9000433EDF /* TwistShiftBox.cpp in Sources */ = {isa = PBXBuildFile; fileRef = A5F8888E2FEEDD9000433EDF /* TwistShiftBox.cpp */; };
		A5F889022FEEDD9000433EDF /* Random.cpp in Sources */ = {isa = PBXBuildFile; fileRef = A5F888F32FEEDD9000433EDF /* Random.cpp */; };
		A5F889042FEEDD9000433EDF /* TwistMix32.cpp in Sources */ = {isa = PBXBuildFile; fileRef = A5F8888A2FEEDD9000433EDF /* TwistMix32.cpp */; };
		A5F889072FEEDD9000433EDF /* main.m in Sources */ = {isa = PBXBuildFile; fileRef = A5F888EF2FEEDD9000433EDF /* main.m */; };
		A5F889082FEEDD9000433EDF /* TwistSquash.cpp in Sources */ = {isa = PBXBuildFile; fileRef = A5F888922FEEDD9000433EDF /* TwistSquash.cpp */; };
		A5F8890C2FEEDD9000433EDF /* TwistCryptoScoring.cpp in Sources */ = {isa = PBXBuildFile; fileRef = A5F8887A2FEEDD9000433EDF /* TwistCryptoScoring.cpp */; };
		A5F8890E2FEEDD9000433EDF /* Rig.cpp in Sources */ = {isa = PBXBuildFile; fileRef = A5F888F52FEEDD9000433EDF /* Rig.cpp */; };
		A5F8890F2FEEDD9000433EDF /* M88.cpp in Sources */ = {isa = PBXBuildFile; fileRef = A5F888742FEEDD9000433EDF /* M88.cpp */; };
		A5F889112FEEDD9000433EDF /* TwistIndexShuffle.cpp in Sources */ = {isa = PBXBuildFile; fileRef = A5F888852FEEDD9000433EDF /* TwistIndexShuffle.cpp */; };
		A5F889172FEEDD9000433EDF /* TwistFarmSalt.cpp in Sources */ = {isa = PBXBuildFile; fileRef = A5F888822FEEDD9000433EDF /* TwistFarmSalt.cpp */; };
		A5F889182FEEDD9000433EDF /* TwistInvest.cpp in Sources */ = {isa = PBXBuildFile; fileRef = A5F888872FEEDD9000433EDF /* TwistInvest.cpp */; };
		A5F8891B2FEEDD9000433EDF /* AppDelegate.mm in Sources */ = {isa = PBXBuildFile; fileRef = A5F888E92FEEDD9000433EDF /* AppDelegate.mm */; };
		A5F8891F2FEEDD9000433EDF /* FileIO.cpp in Sources */ = {isa = PBXBuildFile; fileRef = A5F888EE2FEEDD9000433EDF /* FileIO.cpp */; };
		A5F889202FEEDD9000433EDF /* TwistWorkSpace.cpp in Sources */ = {isa = PBXBuildFile; fileRef = A5F888942FEEDD9000433EDF /* TwistWorkSpace.cpp */; };
		A5F889232FEEDD9000433EDF /* TwistSnow.cpp in Sources */ = {isa = PBXBuildFile; fileRef = A5F888902FEEDD9000433EDF /* TwistSnow.cpp */; };
		A5F889242FEEDD9000433EDF /* TwistFarmConstants.cpp in Sources */ = {isa = PBXBuildFile; fileRef = A5F888802FEEDD9000433EDF /* TwistFarmConstants.cpp */; };
		A5F889292FEEDD9000433EDF /* TwistMix64.cpp in Sources */ = {isa = PBXBuildFile; fileRef = A5F8888C2FEEDD9000433EDF /* TwistMix64.cpp */; };
		A5F8892E2FEEDD9000433EDF /* TwistExpander.cpp in Sources */ = {isa = PBXBuildFile; fileRef = A5F8887E2FEEDD9000433EDF /* TwistExpander.cpp */; };
		A5F889322FEEDD9000433EDF /* TwistDiffuse.cpp in Sources */ = {isa = PBXBuildFile; fileRef = A5F8887C2FEEDD9000433EDF /* TwistDiffuse.cpp */; };
		A5F889332FEEDD9000433EDF /* MainMenu.xib in Resources */ = {isa = PBXBuildFile; fileRef = A5F888F12FEEDD9000433EDF /* MainMenu.xib */; };
		A5F889342FEEDD9000433EDF /* Assets.xcassets in Resources */ = {isa = PBXBuildFile; fileRef = A5F888EA2FEEDD9000433EDF /* Assets.xcassets */; };
/* End PBXBuildFile section */

/* Begin PBXFileReference section */
		A568357A2FF2ADA6002524E4 /* TwistExpander_Archery.hpp */ = {isa = PBXFileReference; lastKnownFileType = sourcecode.cpp.h; path = TwistExpander_Archery.hpp; sourceTree = "<group>"; };
		A568357B2FF2ADA6002524E4 /* TwistExpander_Archery.cpp */ = {isa = PBXFileReference; lastKnownFileType = sourcecode.cpp.cpp; path = TwistExpander_Archery.cpp; sourceTree = "<group>"; };
		A568357C2FF2ADA6002524E4 /* TwistExpander_Archery_Arx.hpp */ = {isa = PBXFileReference; lastKnownFileType = sourcecode.cpp.h; path = TwistExpander_Archery_Arx.hpp; sourceTree = "<group>"; };
		A568357D2FF2ADA6002524E4 /* TwistExpander_Archery_Arx.cpp */ = {isa = PBXFileReference; lastKnownFileType = sourcecode.cpp.cpp; path = TwistExpander_Archery_Arx.cpp; sourceTree = "<group>"; };
		A568357E2FF2ADA6002524E4 /* TwistExpander_BaseBall.hpp */ = {isa = PBXFileReference; lastKnownFileType = sourcecode.cpp.h; path = TwistExpander_BaseBall.hpp; sourceTree = "<group>"; };
		A568357F2FF2ADA6002524E4 /* TwistExpander_BaseBall.cpp */ = {isa = PBXFileReference; lastKnownFileType = sourcecode.cpp.cpp; path = TwistExpander_BaseBall.cpp; sourceTree = "<group>"; };
		A56835802FF2ADA6002524E4 /* TwistExpander_BaseBall_Arx.hpp */ = {isa = PBXFileReference; lastKnownFileType = sourcecode.cpp.h; path = TwistExpander_BaseBall_Arx.hpp; sourceTree = "<group>"; };
		A56835812FF2ADA6002524E4 /* TwistExpander_BaseBall_Arx.cpp */ = {isa = PBXFileReference; lastKnownFileType = sourcecode.cpp.cpp; path = TwistExpander_BaseBall_Arx.cpp; sourceTree = "<group>"; };
		A56835822FF2ADA6002524E4 /* TwistExpander_BasketBall.hpp */ = {isa = PBXFileReference; lastKnownFileType = sourcecode.cpp.h; path = TwistExpander_BasketBall.hpp; sourceTree = "<group>"; };
		A56835832FF2ADA6002524E4 /* TwistExpander_BasketBall.cpp */ = {isa = PBXFileReference; lastKnownFileType = sourcecode.cpp.cpp; path = TwistExpander_BasketBall.cpp; sourceTree = "<group>"; };
		A56835842FF2ADA6002524E4 /* TwistExpander_BasketBall_Arx.hpp */ = {isa = PBXFileReference; lastKnownFileType = sourcecode.cpp.h; path = TwistExpander_BasketBall_Arx.hpp; sourceTree = "<group>"; };
		A56835852FF2ADA6002524E4 /* TwistExpander_BasketBall_Arx.cpp */ = {isa = PBXFileReference; lastKnownFileType = sourcecode.cpp.cpp; path = TwistExpander_BasketBall_Arx.cpp; sourceTree = "<group>"; };
		A56835862FF2ADA6002524E4 /* TwistExpander_Billiards.hpp */ = {isa = PBXFileReference; lastKnownFileType = sourcecode.cpp.h; path = TwistExpander_Billiards.hpp; sourceTree = "<group>"; };
		A56835872FF2ADA6002524E4 /* TwistExpander_Billiards.cpp */ = {isa = PBXFileReference; lastKnownFileType = sourcecode.cpp.cpp; path = TwistExpander_Billiards.cpp; sourceTree = "<group>"; };
		A56835882FF2ADA6002524E4 /* TwistExpander_Billiards_Arx.hpp */ = {isa = PBXFileReference; lastKnownFileType = sourcecode.cpp.h; path = TwistExpander_Billiards_Arx.hpp; sourceTree = "<group>"; };
		A56835892FF2ADA6002524E4 /* TwistExpander_Billiards_Arx.cpp */ = {isa = PBXFileReference; lastKnownFileType = sourcecode.cpp.cpp; path = TwistExpander_Billiards_Arx.cpp; sourceTree = "<group>"; };
		A568358A2FF2ADA6002524E4 /* TwistExpander_Bowling.hpp */ = {isa = PBXFileReference; lastKnownFileType = sourcecode.cpp.h; path = TwistExpander_Bowling.hpp; sourceTree = "<group>"; };
		A568358B2FF2ADA6002524E4 /* TwistExpander_Bowling.cpp */ = {isa = PBXFileReference; lastKnownFileType = sourcecode.cpp.cpp; path = TwistExpander_Bowling.cpp; sourceTree = "<group>"; };
		A568358C2FF2ADA6002524E4 /* TwistExpander_Bowling_Arx.hpp */ = {isa = PBXFileReference; lastKnownFileType = sourcecode.cpp.h; path = TwistExpander_Bowling_Arx.hpp; sourceTree = "<group>"; };
		A568358D2FF2ADA6002524E4 /* TwistExpander_Bowling_Arx.cpp */ = {isa = PBXFileReference; lastKnownFileType = sourcecode.cpp.cpp; path = TwistExpander_Bowling_Arx.cpp; sourceTree = "<group>"; };
		A568358E2FF2ADA6002524E4 /* TwistExpander_Boxing.hpp */ = {isa = PBXFileReference; lastKnownFileType = sourcecode.cpp.h; path = TwistExpander_Boxing.hpp; sourceTree = "<group>"; };
		A568358F2FF2ADA6002524E4 /* TwistExpander_Boxing.cpp */ = {isa = PBXFileReference; lastKnownFileType = sourcecode.cpp.cpp; path = TwistExpander_Boxing.cpp; sourceTree = "<group>"; };
		A56835902FF2ADA6002524E4 /* TwistExpander_Boxing_Arx.hpp */ = {isa = PBXFileReference; lastKnownFileType = sourcecode.cpp.h; path = TwistExpander_Boxing_Arx.hpp; sourceTree = "<group>"; };
		A56835912FF2ADA6002524E4 /* TwistExpander_Boxing_Arx.cpp */ = {isa = PBXFileReference; lastKnownFileType = sourcecode.cpp.cpp; path = TwistExpander_Boxing_Arx.cpp; sourceTree = "<group>"; };
		A56835922FF2ADA6002524E4 /* TwistExpander_Cricket.hpp */ = {isa = PBXFileReference; lastKnownFileType = sourcecode.cpp.h; path = TwistExpander_Cricket.hpp; sourceTree = "<group>"; };
		A56835932FF2ADA6002524E4 /* TwistExpander_Cricket.cpp */ = {isa = PBXFileReference; lastKnownFileType = sourcecode.cpp.cpp; path = TwistExpander_Cricket.cpp; sourceTree = "<group>"; };
		A56835942FF2ADA6002524E4 /* TwistExpander_Cricket_Arx.hpp */ = {isa = PBXFileReference; lastKnownFileType = sourcecode.cpp.h; path = TwistExpander_Cricket_Arx.hpp; sourceTree = "<group>"; };
		A56835952FF2ADA6002524E4 /* TwistExpander_Cricket_Arx.cpp */ = {isa = PBXFileReference; lastKnownFileType = sourcecode.cpp.cpp; path = TwistExpander_Cricket_Arx.cpp; sourceTree = "<group>"; };
		A56835962FF2ADA6002524E4 /* TwistExpander_Fencing.hpp */ = {isa = PBXFileReference; lastKnownFileType = sourcecode.cpp.h; path = TwistExpander_Fencing.hpp; sourceTree = "<group>"; };
		A56835972FF2ADA6002524E4 /* TwistExpander_Fencing.cpp */ = {isa = PBXFileReference; lastKnownFileType = sourcecode.cpp.cpp; path = TwistExpander_Fencing.cpp; sourceTree = "<group>"; };
		A56835982FF2ADA6002524E4 /* TwistExpander_Fencing_Arx.hpp */ = {isa = PBXFileReference; lastKnownFileType = sourcecode.cpp.h; path = TwistExpander_Fencing_Arx.hpp; sourceTree = "<group>"; };
		A56835992FF2ADA6002524E4 /* TwistExpander_Fencing_Arx.cpp */ = {isa = PBXFileReference; lastKnownFileType = sourcecode.cpp.cpp; path = TwistExpander_Fencing_Arx.cpp; sourceTree = "<group>"; };
		A568359A2FF2ADA6002524E4 /* TwistExpander_FootBall.hpp */ = {isa = PBXFileReference; lastKnownFileType = sourcecode.cpp.h; path = TwistExpander_FootBall.hpp; sourceTree = "<group>"; };
		A568359B2FF2ADA6002524E4 /* TwistExpander_FootBall.cpp */ = {isa = PBXFileReference; lastKnownFileType = sourcecode.cpp.cpp; path = TwistExpander_FootBall.cpp; sourceTree = "<group>"; };
		A568359C2FF2ADA6002524E4 /* TwistExpander_FootBall_Arx.hpp */ = {isa = PBXFileReference; lastKnownFileType = sourcecode.cpp.h; path = TwistExpander_FootBall_Arx.hpp; sourceTree = "<group>"; };
		A568359D2FF2ADA6002524E4 /* TwistExpander_FootBall_Arx.cpp */ = {isa = PBXFileReference; lastKnownFileType = sourcecode.cpp.cpp; path = TwistExpander_FootBall_Arx.cpp; sourceTree = "<group>"; };
		A568359E2FF2ADA6002524E4 /* TwistExpander_Golf.hpp */ = {isa = PBXFileReference; lastKnownFileType = sourcecode.cpp.h; path = TwistExpander_Golf.hpp; sourceTree = "<group>"; };
		A568359F2FF2ADA6002524E4 /* TwistExpander_Golf.cpp */ = {isa = PBXFileReference; lastKnownFileType = sourcecode.cpp.cpp; path = TwistExpander_Golf.cpp; sourceTree = "<group>"; };
		A56835A02FF2ADA6002524E4 /* TwistExpander_Golf_Arx.hpp */ = {isa = PBXFileReference; lastKnownFileType = sourcecode.cpp.h; path = TwistExpander_Golf_Arx.hpp; sourceTree = "<group>"; };
		A56835A12FF2ADA6002524E4 /* TwistExpander_Golf_Arx.cpp */ = {isa = PBXFileReference; lastKnownFileType = sourcecode.cpp.cpp; path = TwistExpander_Golf_Arx.cpp; sourceTree = "<group>"; };
		A56835A22FF2ADA6002524E4 /* TwistExpander_Hockey.hpp */ = {isa = PBXFileReference; lastKnownFileType = sourcecode.cpp.h; path = TwistExpander_Hockey.hpp; sourceTree = "<group>"; };
		A56835A32FF2ADA6002524E4 /* TwistExpander_Hockey.cpp */ = {isa = PBXFileReference; lastKnownFileType = sourcecode.cpp.cpp; path = TwistExpander_Hockey.cpp; sourceTree = "<group>"; };
		A56835A42FF2ADA6002524E4 /* TwistExpander_Hockey_Arx.hpp */ = {isa = PBXFileReference; lastKnownFileType = sourcecode.cpp.h; path = TwistExpander_Hockey_Arx.hpp; sourceTree = "<group>"; };
		A56835A52FF2ADA6002524E4 /* TwistExpander_Hockey_Arx.cpp */ = {isa = PBXFileReference; lastKnownFileType = sourcecode.cpp.cpp; path = TwistExpander_Hockey_Arx.cpp; sourceTree = "<group>"; };
		A56835A62FF2ADA6002524E4 /* TwistExpander_Karate.hpp */ = {isa = PBXFileReference; lastKnownFileType = sourcecode.cpp.h; path = TwistExpander_Karate.hpp; sourceTree = "<group>"; };
		A56835A72FF2ADA6002524E4 /* TwistExpander_Karate.cpp */ = {isa = PBXFileReference; lastKnownFileType = sourcecode.cpp.cpp; path = TwistExpander_Karate.cpp; sourceTree = "<group>"; };
		A56835A82FF2ADA6002524E4 /* TwistExpander_Karate_Arx.hpp */ = {isa = PBXFileReference; lastKnownFileType = sourcecode.cpp.h; path = TwistExpander_Karate_Arx.hpp; sourceTree = "<group>"; };
		A56835A92FF2ADA6002524E4 /* TwistExpander_Karate_Arx.cpp */ = {isa = PBXFileReference; lastKnownFileType = sourcecode.cpp.cpp; path = TwistExpander_Karate_Arx.cpp; sourceTree = "<group>"; };
		A56835AA2FF2ADA6002524E4 /* TwistExpander_Lacrosse.hpp */ = {isa = PBXFileReference; lastKnownFileType = sourcecode.cpp.h; path = TwistExpander_Lacrosse.hpp; sourceTree = "<group>"; };
		A56835AB2FF2ADA6002524E4 /* TwistExpander_Lacrosse.cpp */ = {isa = PBXFileReference; lastKnownFileType = sourcecode.cpp.cpp; path = TwistExpander_Lacrosse.cpp; sourceTree = "<group>"; };
		A56835AC2FF2ADA6002524E4 /* TwistExpander_Lacrosse_Arx.hpp */ = {isa = PBXFileReference; lastKnownFileType = sourcecode.cpp.h; path = TwistExpander_Lacrosse_Arx.hpp; sourceTree = "<group>"; };
		A56835AD2FF2ADA6002524E4 /* TwistExpander_Lacrosse_Arx.cpp */ = {isa = PBXFileReference; lastKnownFileType = sourcecode.cpp.cpp; path = TwistExpander_Lacrosse_Arx.cpp; sourceTree = "<group>"; };
		A56835AE2FF2ADA6002524E4 /* TwistExpander_PickleBall.hpp */ = {isa = PBXFileReference; lastKnownFileType = sourcecode.cpp.h; path = TwistExpander_PickleBall.hpp; sourceTree = "<group>"; };
		A56835AF2FF2ADA6002524E4 /* TwistExpander_PickleBall.cpp */ = {isa = PBXFileReference; lastKnownFileType = sourcecode.cpp.cpp; path = TwistExpander_PickleBall.cpp; sourceTree = "<group>"; };
		A56835B02FF2ADA6002524E4 /* TwistExpander_PickleBall_Arx.hpp */ = {isa = PBXFileReference; lastKnownFileType = sourcecode.cpp.h; path = TwistExpander_PickleBall_Arx.hpp; sourceTree = "<group>"; };
		A56835B12FF2ADA6002524E4 /* TwistExpander_PickleBall_Arx.cpp */ = {isa = PBXFileReference; lastKnownFileType = sourcecode.cpp.cpp; path = TwistExpander_PickleBall_Arx.cpp; sourceTree = "<group>"; };
		A56835B22FF2ADA6002524E4 /* TwistExpander_PingPong.hpp */ = {isa = PBXFileReference; lastKnownFileType = sourcecode.cpp.h; path = TwistExpander_PingPong.hpp; sourceTree = "<group>"; };
		A56835B32FF2ADA6002524E4 /* TwistExpander_PingPong.cpp */ = {isa = PBXFileReference; lastKnownFileType = sourcecode.cpp.cpp; path = TwistExpander_PingPong.cpp; sourceTree = "<group>"; };
		A56835B42FF2ADA6002524E4 /* TwistExpander_PingPong_Arx.hpp */ = {isa = PBXFileReference; lastKnownFileType = sourcecode.cpp.h; path = TwistExpander_PingPong_Arx.hpp; sourceTree = "<group>"; };
		A56835B52FF2ADA6002524E4 /* TwistExpander_PingPong_Arx.cpp */ = {isa = PBXFileReference; lastKnownFileType = sourcecode.cpp.cpp; path = TwistExpander_PingPong_Arx.cpp; sourceTree = "<group>"; };
		A56835B62FF2ADA6002524E4 /* TwistExpander_Rugby.hpp */ = {isa = PBXFileReference; lastKnownFileType = sourcecode.cpp.h; path = TwistExpander_Rugby.hpp; sourceTree = "<group>"; };
		A56835B72FF2ADA6002524E4 /* TwistExpander_Rugby.cpp */ = {isa = PBXFileReference; lastKnownFileType = sourcecode.cpp.cpp; path = TwistExpander_Rugby.cpp; sourceTree = "<group>"; };
		A56835B82FF2ADA6002524E4 /* TwistExpander_Rugby_Arx.hpp */ = {isa = PBXFileReference; lastKnownFileType = sourcecode.cpp.h; path = TwistExpander_Rugby_Arx.hpp; sourceTree = "<group>"; };
		A56835B92FF2ADA6002524E4 /* TwistExpander_Rugby_Arx.cpp */ = {isa = PBXFileReference; lastKnownFileType = sourcecode.cpp.cpp; path = TwistExpander_Rugby_Arx.cpp; sourceTree = "<group>"; };
		A56835BA2FF2ADA6002524E4 /* TwistExpander_Soccer.hpp */ = {isa = PBXFileReference; lastKnownFileType = sourcecode.cpp.h; path = TwistExpander_Soccer.hpp; sourceTree = "<group>"; };
		A56835BB2FF2ADA6002524E4 /* TwistExpander_Soccer.cpp */ = {isa = PBXFileReference; lastKnownFileType = sourcecode.cpp.cpp; path = TwistExpander_Soccer.cpp; sourceTree = "<group>"; };
		A56835BC2FF2ADA6002524E4 /* TwistExpander_Soccer_Arx.hpp */ = {isa = PBXFileReference; lastKnownFileType = sourcecode.cpp.h; path = TwistExpander_Soccer_Arx.hpp; sourceTree = "<group>"; };
		A56835BD2FF2ADA6002524E4 /* TwistExpander_Soccer_Arx.cpp */ = {isa = PBXFileReference; lastKnownFileType = sourcecode.cpp.cpp; path = TwistExpander_Soccer_Arx.cpp; sourceTree = "<group>"; };
		A56835BE2FF2ADA6002524E4 /* TwistExpander_Tennis.hpp */ = {isa = PBXFileReference; lastKnownFileType = sourcecode.cpp.h; path = TwistExpander_Tennis.hpp; sourceTree = "<group>"; };
		A56835BF2FF2ADA6002524E4 /* TwistExpander_Tennis.cpp */ = {isa = PBXFileReference; lastKnownFileType = sourcecode.cpp.cpp; path = TwistExpander_Tennis.cpp; sourceTree = "<group>"; };
		A56835C02FF2ADA6002524E4 /* TwistExpander_Tennis_Arx.hpp */ = {isa = PBXFileReference; lastKnownFileType = sourcecode.cpp.h; path = TwistExpander_Tennis_Arx.hpp; sourceTree = "<group>"; };
		A56835C12FF2ADA6002524E4 /* TwistExpander_Tennis_Arx.cpp */ = {isa = PBXFileReference; lastKnownFileType = sourcecode.cpp.cpp; path = TwistExpander_Tennis_Arx.cpp; sourceTree = "<group>"; };
		A56835C22FF2ADA6002524E4 /* TwistExpander_VolleyBall.hpp */ = {isa = PBXFileReference; lastKnownFileType = sourcecode.cpp.h; path = TwistExpander_VolleyBall.hpp; sourceTree = "<group>"; };
		A56835C32FF2ADA6002524E4 /* TwistExpander_VolleyBall.cpp */ = {isa = PBXFileReference; lastKnownFileType = sourcecode.cpp.cpp; path = TwistExpander_VolleyBall.cpp; sourceTree = "<group>"; };
		A56835C42FF2ADA6002524E4 /* TwistExpander_VolleyBall_Arx.hpp */ = {isa = PBXFileReference; lastKnownFileType = sourcecode.cpp.h; path = TwistExpander_VolleyBall_Arx.hpp; sourceTree = "<group>"; };
		A56835C52FF2ADA6002524E4 /* TwistExpander_VolleyBall_Arx.cpp */ = {isa = PBXFileReference; lastKnownFileType = sourcecode.cpp.cpp; path = TwistExpander_VolleyBall_Arx.cpp; sourceTree = "<group>"; };
		A56835C62FF2ADA6002524E4 /* TwistExpander_WaterPolo.hpp */ = {isa = PBXFileReference; lastKnownFileType = sourcecode.cpp.h; path = TwistExpander_WaterPolo.hpp; sourceTree = "<group>"; };
		A56835C72FF2ADA6002524E4 /* TwistExpander_WaterPolo.cpp */ = {isa = PBXFileReference; lastKnownFileType = sourcecode.cpp.cpp; path = TwistExpander_WaterPolo.cpp; sourceTree = "<group>"; };
		A56835C82FF2ADA6002524E4 /* TwistExpander_WaterPolo_Arx.hpp */ = {isa = PBXFileReference; lastKnownFileType = sourcecode.cpp.h; path = TwistExpander_WaterPolo_Arx.hpp; sourceTree = "<group>"; };
		A56835C92FF2ADA6002524E4 /* TwistExpander_WaterPolo_Arx.cpp */ = {isa = PBXFileReference; lastKnownFileType = sourcecode.cpp.cpp; path = TwistExpander_WaterPolo_Arx.cpp; sourceTree = "<group>"; };
		A5A98EF02FEECE2A00BE9618 /* Army.app */ = {isa = PBXFileReference; explicitFileType = wrapper.application; includeInIndex = 0; path = Army.app; sourceTree = BUILT_PRODUCTS_DIR; };
		A5F888732FEEDD9000433EDF /* M88.hpp */ = {isa = PBXFileReference; lastKnownFileType = sourcecode.cpp.h; path = M88.hpp; sourceTree = "<group>"; };
		A5F888742FEEDD9000433EDF /* M88.cpp */ = {isa = PBXFileReference; lastKnownFileType = sourcecode.cpp.cpp; path = M88.cpp; sourceTree = "<group>"; };
		A5F888752FEEDD9000433EDF /* M88QuadSelectsA.hpp */ = {isa = PBXFileReference; lastKnownFileType = sourcecode.cpp.h; path = M88QuadSelectsA.hpp; sourceTree = "<group>"; };
		A5F888762FEEDD9000433EDF /* M88QuadSelectsB.hpp */ = {isa = PBXFileReference; lastKnownFileType = sourcecode.cpp.h; path = M88QuadSelectsB.hpp; sourceTree = "<group>"; };
		A5F888772FEEDD9000433EDF /* M88QuadSelectsC.hpp */ = {isa = PBXFileReference; lastKnownFileType = sourcecode.cpp.h; path = M88QuadSelectsC.hpp; sourceTree = "<group>"; };
		A5F888782FEEDD9000433EDF /* M88QuadSelectsD.hpp */ = {isa = PBXFileReference; lastKnownFileType = sourcecode.cpp.h; path = M88QuadSelectsD.hpp; sourceTree = "<group>"; };
		A5F888792FEEDD9000433EDF /* TwistCryptoScoring.hpp */ = {isa = PBXFileReference; lastKnownFileType = sourcecode.cpp.h; path = TwistCryptoScoring.hpp; sourceTree = "<group>"; };
		A5F8887A2FEEDD9000433EDF /* TwistCryptoScoring.cpp */ = {isa = PBXFileReference; lastKnownFileType = sourcecode.cpp.cpp; path = TwistCryptoScoring.cpp; sourceTree = "<group>"; };
		A5F8887B2FEEDD9000433EDF /* TwistDiffuse.hpp */ = {isa = PBXFileReference; lastKnownFileType = sourcecode.cpp.h; path = TwistDiffuse.hpp; sourceTree = "<group>"; };
		A5F8887C2FEEDD9000433EDF /* TwistDiffuse.cpp */ = {isa = PBXFileReference; lastKnownFileType = sourcecode.cpp.cpp; path = TwistDiffuse.cpp; sourceTree = "<group>"; };
		A5F8887D2FEEDD9000433EDF /* TwistExpander.hpp */ = {isa = PBXFileReference; lastKnownFileType = sourcecode.cpp.h; path = TwistExpander.hpp; sourceTree = "<group>"; };
		A5F8887E2FEEDD9000433EDF /* TwistExpander.cpp */ = {isa = PBXFileReference; lastKnownFileType = sourcecode.cpp.cpp; path = TwistExpander.cpp; sourceTree = "<group>"; };
		A5F8887F2FEEDD9000433EDF /* TwistFarmConstants.hpp */ = {isa = PBXFileReference; lastKnownFileType = sourcecode.cpp.h; path = TwistFarmConstants.hpp; sourceTree = "<group>"; };
		A5F888802FEEDD9000433EDF /* TwistFarmConstants.cpp */ = {isa = PBXFileReference; lastKnownFileType = sourcecode.cpp.cpp; path = TwistFarmConstants.cpp; sourceTree = "<group>"; };
		A5F888812FEEDD9000433EDF /* TwistFarmSalt.hpp */ = {isa = PBXFileReference; lastKnownFileType = sourcecode.cpp.h; path = TwistFarmSalt.hpp; sourceTree = "<group>"; };
		A5F888822FEEDD9000433EDF /* TwistFarmSalt.cpp */ = {isa = PBXFileReference; lastKnownFileType = sourcecode.cpp.cpp; path = TwistFarmSalt.cpp; sourceTree = "<group>"; };
		A5F888832FEEDD9000433EDF /* TwistFunctional.hpp */ = {isa = PBXFileReference; lastKnownFileType = sourcecode.cpp.h; path = TwistFunctional.hpp; sourceTree = "<group>"; };
		A5F888842FEEDD9000433EDF /* TwistIndexShuffle.hpp */ = {isa = PBXFileReference; lastKnownFileType = sourcecode.cpp.h; path = TwistIndexShuffle.hpp; sourceTree = "<group>"; };
		A5F888852FEEDD9000433EDF /* TwistIndexShuffle.cpp */ = {isa = PBXFileReference; lastKnownFileType = sourcecode.cpp.cpp; path = TwistIndexShuffle.cpp; sourceTree = "<group>"; };
		A5F888862FEEDD9000433EDF /* TwistInvest.hpp */ = {isa = PBXFileReference; lastKnownFileType = sourcecode.cpp.h; path = TwistInvest.hpp; sourceTree = "<group>"; };
		A5F888872FEEDD9000433EDF /* TwistInvest.cpp */ = {isa = PBXFileReference; lastKnownFileType = sourcecode.cpp.cpp; path = TwistInvest.cpp; sourceTree = "<group>"; };
		A5F888882FEEDD9000433EDF /* TwistMemory.hpp */ = {isa = PBXFileReference; lastKnownFileType = sourcecode.cpp.h; path = TwistMemory.hpp; sourceTree = "<group>"; };
		A5F888892FEEDD9000433EDF /* TwistMix32.hpp */ = {isa = PBXFileReference; lastKnownFileType = sourcecode.cpp.h; path = TwistMix32.hpp; sourceTree = "<group>"; };
		A5F8888A2FEEDD9000433EDF /* TwistMix32.cpp */ = {isa = PBXFileReference; lastKnownFileType = sourcecode.cpp.cpp; path = TwistMix32.cpp; sourceTree = "<group>"; };
		A5F8888B2FEEDD9000433EDF /* TwistMix64.hpp */ = {isa = PBXFileReference; lastKnownFileType = sourcecode.cpp.h; path = TwistMix64.hpp; sourceTree = "<group>"; };
		A5F8888C2FEEDD9000433EDF /* TwistMix64.cpp */ = {isa = PBXFileReference; lastKnownFileType = sourcecode.cpp.cpp; path = TwistMix64.cpp; sourceTree = "<group>"; };
		A5F8888D2FEEDD9000433EDF /* TwistShiftBox.hpp */ = {isa = PBXFileReference; lastKnownFileType = sourcecode.cpp.h; path = TwistShiftBox.hpp; sourceTree = "<group>"; };
		A5F8888E2FEEDD9000433EDF /* TwistShiftBox.cpp */ = {isa = PBXFileReference; lastKnownFileType = sourcecode.cpp.cpp; path = TwistShiftBox.cpp; sourceTree = "<group>"; };
		A5F8888F2FEEDD9000433EDF /* TwistSnow.hpp */ = {isa = PBXFileReference; lastKnownFileType = sourcecode.cpp.h; path = TwistSnow.hpp; sourceTree = "<group>"; };
		A5F888902FEEDD9000433EDF /* TwistSnow.cpp */ = {isa = PBXFileReference; lastKnownFileType = sourcecode.cpp.cpp; path = TwistSnow.cpp; sourceTree = "<group>"; };
		A5F888912FEEDD9000433EDF /* TwistSquash.hpp */ = {isa = PBXFileReference; lastKnownFileType = sourcecode.cpp.h; path = TwistSquash.hpp; sourceTree = "<group>"; };
		A5F888922FEEDD9000433EDF /* TwistSquash.cpp */ = {isa = PBXFileReference; lastKnownFileType = sourcecode.cpp.cpp; path = TwistSquash.cpp; sourceTree = "<group>"; };
		A5F888932FEEDD9000433EDF /* TwistWorkSpace.hpp */ = {isa = PBXFileReference; lastKnownFileType = sourcecode.cpp.h; path = TwistWorkSpace.hpp; sourceTree = "<group>"; };
		A5F888942FEEDD9000433EDF /* TwistWorkSpace.cpp */ = {isa = PBXFileReference; lastKnownFileType = sourcecode.cpp.cpp; path = TwistWorkSpace.cpp; sourceTree = "<group>"; };
		A5F888E82FEEDD9000433EDF /* AppDelegate.h */ = {isa = PBXFileReference; lastKnownFileType = sourcecode.c.h; path = AppDelegate.h; sourceTree = "<group>"; };
		A5F888E92FEEDD9000433EDF /* AppDelegate.mm */ = {isa = PBXFileReference; lastKnownFileType = sourcecode.cpp.objcpp; path = AppDelegate.mm; sourceTree = "<group>"; };
		A5F888EA2FEEDD9000433EDF /* Assets.xcassets */ = {isa = PBXFileReference; lastKnownFileType = folder.assetcatalog; path = Assets.xcassets; sourceTree = "<group>"; };
		A5F888EB2FEEDD9000433EDF /* Avalancher.hpp */ = {isa = PBXFileReference; lastKnownFileType = sourcecode.cpp.h; path = Avalancher.hpp; sourceTree = "<group>"; };
		A5F888EC2FEEDD9000433EDF /* Avalancher.cpp */ = {isa = PBXFileReference; lastKnownFileType = sourcecode.cpp.cpp; path = Avalancher.cpp; sourceTree = "<group>"; };
		A5F888ED2FEEDD9000433EDF /* FileIO.hpp */ = {isa = PBXFileReference; lastKnownFileType = sourcecode.cpp.h; path = FileIO.hpp; sourceTree = "<group>"; };
		A5F888EE2FEEDD9000433EDF /* FileIO.cpp */ = {isa = PBXFileReference; lastKnownFileType = sourcecode.cpp.cpp; path = FileIO.cpp; sourceTree = "<group>"; };
		A5F888EF2FEEDD9000433EDF /* main.m */ = {isa = PBXFileReference; lastKnownFileType = sourcecode.c.objc; path = main.m; sourceTree = "<group>"; };
		A5F888F02FEEDD9000433EDF /* Base */ = {isa = PBXFileReference; lastKnownFileType = file.xib; name = Base; path = Base.lproj/MainMenu.xib; sourceTree = "<group>"; };
		A5F888F22FEEDD9000433EDF /* Random.hpp */ = {isa = PBXFileReference; lastKnownFileType = sourcecode.cpp.h; path = Random.hpp; sourceTree = "<group>"; };
		A5F888F32FEEDD9000433EDF /* Random.cpp */ = {isa = PBXFileReference; lastKnownFileType = sourcecode.cpp.cpp; path = Random.cpp; sourceTree = "<group>"; };
		A5F888F42FEEDD9000433EDF /* Rig.hpp */ = {isa = PBXFileReference; lastKnownFileType = sourcecode.cpp.h; path = Rig.hpp; sourceTree = "<group>"; };
		A5F888F52FEEDD9000433EDF /* Rig.cpp */ = {isa = PBXFileReference; lastKnownFileType = sourcecode.cpp.cpp; path = Rig.cpp; sourceTree = "<group>"; };
/* End PBXFileReference section */

/* Begin PBXFrameworksBuildPhase section */
		A5A98EED2FEECE2A00BE9618 /* Frameworks */ = {
			isa = PBXFrameworksBuildPhase;
			buildActionMask = 2147483647;
			files = (
			);
			runOnlyForDeploymentPostprocessing = 0;
		};
/* End PBXFrameworksBuildPhase section */

/* Begin PBXGroup section */
		A56835CA2FF2ADA6002524E4 /* Family */ = {
			isa = PBXGroup;
			children = (
				A568357A2FF2ADA6002524E4 /* TwistExpander_Archery.hpp */,
				A568357B2FF2ADA6002524E4 /* TwistExpander_Archery.cpp */,
				A568357C2FF2ADA6002524E4 /* TwistExpander_Archery_Arx.hpp */,
				A568357D2FF2ADA6002524E4 /* TwistExpander_Archery_Arx.cpp */,
				A568357E2FF2ADA6002524E4 /* TwistExpander_BaseBall.hpp */,
				A568357F2FF2ADA6002524E4 /* TwistExpander_BaseBall.cpp */,
				A56835802FF2ADA6002524E4 /* TwistExpander_BaseBall_Arx.hpp */,
				A56835812FF2ADA6002524E4 /* TwistExpander_BaseBall_Arx.cpp */,
				A56835822FF2ADA6002524E4 /* TwistExpander_BasketBall.hpp */,
				A56835832FF2ADA6002524E4 /* TwistExpander_BasketBall.cpp */,
				A56835842FF2ADA6002524E4 /* TwistExpander_BasketBall_Arx.hpp */,
				A56835852FF2ADA6002524E4 /* TwistExpander_BasketBall_Arx.cpp */,
				A56835862FF2ADA6002524E4 /* TwistExpander_Billiards.hpp */,
				A56835872FF2ADA6002524E4 /* TwistExpander_Billiards.cpp */,
				A56835882FF2ADA6002524E4 /* TwistExpander_Billiards_Arx.hpp */,
				A56835892FF2ADA6002524E4 /* TwistExpander_Billiards_Arx.cpp */,
				A568358A2FF2ADA6002524E4 /* TwistExpander_Bowling.hpp */,
				A568358B2FF2ADA6002524E4 /* TwistExpander_Bowling.cpp */,
				A568358C2FF2ADA6002524E4 /* TwistExpander_Bowling_Arx.hpp */,
				A568358D2FF2ADA6002524E4 /* TwistExpander_Bowling_Arx.cpp */,
				A568358E2FF2ADA6002524E4 /* TwistExpander_Boxing.hpp */,
				A568358F2FF2ADA6002524E4 /* TwistExpander_Boxing.cpp */,
				A56835902FF2ADA6002524E4 /* TwistExpander_Boxing_Arx.hpp */,
				A56835912FF2ADA6002524E4 /* TwistExpander_Boxing_Arx.cpp */,
				A56835922FF2ADA6002524E4 /* TwistExpander_Cricket.hpp */,
				A56835932FF2ADA6002524E4 /* TwistExpander_Cricket.cpp */,
				A56835942FF2ADA6002524E4 /* TwistExpander_Cricket_Arx.hpp */,
				A56835952FF2ADA6002524E4 /* TwistExpander_Cricket_Arx.cpp */,
				A56835962FF2ADA6002524E4 /* TwistExpander_Fencing.hpp */,
				A56835972FF2ADA6002524E4 /* TwistExpander_Fencing.cpp */,
				A56835982FF2ADA6002524E4 /* TwistExpander_Fencing_Arx.hpp */,
				A56835992FF2ADA6002524E4 /* TwistExpander_Fencing_Arx.cpp */,
				A568359A2FF2ADA6002524E4 /* TwistExpander_FootBall.hpp */,
				A568359B2FF2ADA6002524E4 /* TwistExpander_FootBall.cpp */,
				A568359C2FF2ADA6002524E4 /* TwistExpander_FootBall_Arx.hpp */,
				A568359D2FF2ADA6002524E4 /* TwistExpander_FootBall_Arx.cpp */,
				A568359E2FF2ADA6002524E4 /* TwistExpander_Golf.hpp */,
				A568359F2FF2ADA6002524E4 /* TwistExpander_Golf.cpp */,
				A56835A02FF2ADA6002524E4 /* TwistExpander_Golf_Arx.hpp */,
				A56835A12FF2ADA6002524E4 /* TwistExpander_Golf_Arx.cpp */,
				A56835A22FF2ADA6002524E4 /* TwistExpander_Hockey.hpp */,
				A56835A32FF2ADA6002524E4 /* TwistExpander_Hockey.cpp */,
				A56835A42FF2ADA6002524E4 /* TwistExpander_Hockey_Arx.hpp */,
				A56835A52FF2ADA6002524E4 /* TwistExpander_Hockey_Arx.cpp */,
				A56835A62FF2ADA6002524E4 /* TwistExpander_Karate.hpp */,
				A56835A72FF2ADA6002524E4 /* TwistExpander_Karate.cpp */,
				A56835A82FF2ADA6002524E4 /* TwistExpander_Karate_Arx.hpp */,
				A56835A92FF2ADA6002524E4 /* TwistExpander_Karate_Arx.cpp */,
				A56835AA2FF2ADA6002524E4 /* TwistExpander_Lacrosse.hpp */,
				A56835AB2FF2ADA6002524E4 /* TwistExpander_Lacrosse.cpp */,
				A56835AC2FF2ADA6002524E4 /* TwistExpander_Lacrosse_Arx.hpp */,
				A56835AD2FF2ADA6002524E4 /* TwistExpander_Lacrosse_Arx.cpp */,
				A56835AE2FF2ADA6002524E4 /* TwistExpander_PickleBall.hpp */,
				A56835AF2FF2ADA6002524E4 /* TwistExpander_PickleBall.cpp */,
				A56835B02FF2ADA6002524E4 /* TwistExpander_PickleBall_Arx.hpp */,
				A56835B12FF2ADA6002524E4 /* TwistExpander_PickleBall_Arx.cpp */,
				A56835B22FF2ADA6002524E4 /* TwistExpander_PingPong.hpp */,
				A56835B32FF2ADA6002524E4 /* TwistExpander_PingPong.cpp */,
				A56835B42FF2ADA6002524E4 /* TwistExpander_PingPong_Arx.hpp */,
				A56835B52FF2ADA6002524E4 /* TwistExpander_PingPong_Arx.cpp */,
				A56835B62FF2ADA6002524E4 /* TwistExpander_Rugby.hpp */,
				A56835B72FF2ADA6002524E4 /* TwistExpander_Rugby.cpp */,
				A56835B82FF2ADA6002524E4 /* TwistExpander_Rugby_Arx.hpp */,
				A56835B92FF2ADA6002524E4 /* TwistExpander_Rugby_Arx.cpp */,
				A56835BA2FF2ADA6002524E4 /* TwistExpander_Soccer.hpp */,
				A56835BB2FF2ADA6002524E4 /* TwistExpander_Soccer.cpp */,
				A56835BC2FF2ADA6002524E4 /* TwistExpander_Soccer_Arx.hpp */,
				A56835BD2FF2ADA6002524E4 /* TwistExpander_Soccer_Arx.cpp */,
				A56835BE2FF2ADA6002524E4 /* TwistExpander_Tennis.hpp */,
				A56835BF2FF2ADA6002524E4 /* TwistExpander_Tennis.cpp */,
				A56835C02FF2ADA6002524E4 /* TwistExpander_Tennis_Arx.hpp */,
				A56835C12FF2ADA6002524E4 /* TwistExpander_Tennis_Arx.cpp */,
				A56835C22FF2ADA6002524E4 /* TwistExpander_VolleyBall.hpp */,
				A56835C32FF2ADA6002524E4 /* TwistExpander_VolleyBall.cpp */,
				A56835C42FF2ADA6002524E4 /* TwistExpander_VolleyBall_Arx.hpp */,
				A56835C52FF2ADA6002524E4 /* TwistExpander_VolleyBall_Arx.cpp */,
				A56835C62FF2ADA6002524E4 /* TwistExpander_WaterPolo.hpp */,
				A56835C72FF2ADA6002524E4 /* TwistExpander_WaterPolo.cpp */,
				A56835C82FF2ADA6002524E4 /* TwistExpander_WaterPolo_Arx.hpp */,
				A56835C92FF2ADA6002524E4 /* TwistExpander_WaterPolo_Arx.cpp */,
			);
			path = Family;
			sourceTree = "<group>";
		};
		A5A98EE72FEECE2A00BE9618 = {
			isa = PBXGroup;
			children = (
				A5F888F62FEEDD9000433EDF /* Soccer */,
				A5A98EF12FEECE2A00BE9618 /* Products */,
			);
			sourceTree = "<group>";
		};
		A5A98EF12FEECE2A00BE9618 /* Products */ = {
			isa = PBXGroup;
			children = (
				A5A98EF02FEECE2A00BE9618 /* Army.app */,
			);
			name = Products;
			sourceTree = "<group>";
		};
		A5F888952FEEDD9000433EDF /* Core */ = {
			isa = PBXGroup;
			children = (
				A5F888732FEEDD9000433EDF /* M88.hpp */,
				A5F888742FEEDD9000433EDF /* M88.cpp */,
				A5F888752FEEDD9000433EDF /* M88QuadSelectsA.hpp */,
				A5F888762FEEDD9000433EDF /* M88QuadSelectsB.hpp */,
				A5F888772FEEDD9000433EDF /* M88QuadSelectsC.hpp */,
				A5F888782FEEDD9000433EDF /* M88QuadSelectsD.hpp */,
				A5F888792FEEDD9000433EDF /* TwistCryptoScoring.hpp */,
				A5F8887A2FEEDD9000433EDF /* TwistCryptoScoring.cpp */,
				A5F8887B2FEEDD9000433EDF /* TwistDiffuse.hpp */,
				A5F8887C2FEEDD9000433EDF /* TwistDiffuse.cpp */,
				A5F8887D2FEEDD9000433EDF /* TwistExpander.hpp */,
				A5F8887E2FEEDD9000433EDF /* TwistExpander.cpp */,
				A5F8887F2FEEDD9000433EDF /* TwistFarmConstants.hpp */,
				A5F888802FEEDD9000433EDF /* TwistFarmConstants.cpp */,
				A5F888812FEEDD9000433EDF /* TwistFarmSalt.hpp */,
				A5F888822FEEDD9000433EDF /* TwistFarmSalt.cpp */,
				A5F888832FEEDD9000433EDF /* TwistFunctional.hpp */,
				A5F888842FEEDD9000433EDF /* TwistIndexShuffle.hpp */,
				A5F888852FEEDD9000433EDF /* TwistIndexShuffle.cpp */,
				A5F888862FEEDD9000433EDF /* TwistInvest.hpp */,
				A5F888872FEEDD9000433EDF /* TwistInvest.cpp */,
				A5F888882FEEDD9000433EDF /* TwistMemory.hpp */,
				A5F888892FEEDD9000433EDF /* TwistMix32.hpp */,
				A5F8888A2FEEDD9000433EDF /* TwistMix32.cpp */,
				A5F8888B2FEEDD9000433EDF /* TwistMix64.hpp */,
				A5F8888C2FEEDD9000433EDF /* TwistMix64.cpp */,
				A5F8888D2FEEDD9000433EDF /* TwistShiftBox.hpp */,
				A5F8888E2FEEDD9000433EDF /* TwistShiftBox.cpp */,
				A5F8888F2FEEDD9000433EDF /* TwistSnow.hpp */,
				A5F888902FEEDD9000433EDF /* TwistSnow.cpp */,
				A5F888912FEEDD9000433EDF /* TwistSquash.hpp */,
				A5F888922FEEDD9000433EDF /* TwistSquash.cpp */,
				A5F888932FEEDD9000433EDF /* TwistWorkSpace.hpp */,
				A5F888942FEEDD9000433EDF /* TwistWorkSpace.cpp */,
			);
			path = Core;
			sourceTree = "<group>";
		};
		A5F888E72FEEDD9000433EDF /* Expander */ = {
			isa = PBXGroup;
			children = (
				A56835CA2FF2ADA6002524E4 /* Family */,
				A5F888952FEEDD9000433EDF /* Core */,
			);
			path = Expander;
			sourceTree = "<group>";
		};
		A5F888F62FEEDD9000433EDF /* Soccer */ = {
			isa = PBXGroup;
			children = (
				A5F888E72FEEDD9000433EDF /* Expander */,
				A5F888E82FEEDD9000433EDF /* AppDelegate.h */,
				A5F888E92FEEDD9000433EDF /* AppDelegate.mm */,
				A5F888EA2FEEDD9000433EDF /* Assets.xcassets */,
				A5F888EB2FEEDD9000433EDF /* Avalancher.hpp */,
				A5F888EC2FEEDD9000433EDF /* Avalancher.cpp */,
				A5F888ED2FEEDD9000433EDF /* FileIO.hpp */,
				A5F888EE2FEEDD9000433EDF /* FileIO.cpp */,
				A5F888EF2FEEDD9000433EDF /* main.m */,
				A5F888F12FEEDD9000433EDF /* MainMenu.xib */,
				A5F888F22FEEDD9000433EDF /* Random.hpp */,
				A5F888F32FEEDD9000433EDF /* Random.cpp */,
				A5F888F42FEEDD9000433EDF /* Rig.hpp */,
				A5F888F52FEEDD9000433EDF /* Rig.cpp */,
			);
			path = Soccer;
			sourceTree = "<group>";
		};
/* End PBXGroup section */

/* Begin PBXNativeTarget section */
		A5A98EEF2FEECE2A00BE9618 /* Army */ = {
			isa = PBXNativeTarget;
			buildConfigurationList = A5A98EFF2FEECE2B00BE9618 /* Build configuration list for PBXNativeTarget "Army" */;
			buildPhases = (
				A5A98EEC2FEECE2A00BE9618 /* Sources */,
				A5A98EED2FEECE2A00BE9618 /* Frameworks */,
				A5A98EEE2FEECE2A00BE9618 /* Resources */,
			);
			buildRules = (
			);
			dependencies = (
			);
			name = Army;
			packageProductDependencies = (
			);
			productName = Army;
			productReference = A5A98EF02FEECE2A00BE9618 /* Army.app */;
			productType = "com.apple.product-type.application";
		};
/* End PBXNativeTarget section */

/* Begin PBXProject section */
		A5A98EE82FEECE2A00BE9618 /* Project object */ = {
			isa = PBXProject;
			attributes = {
				BuildIndependentTargetsInParallel = 1;
				LastUpgradeCheck = 2650;
				TargetAttributes = {
					A5A98EEF2FEECE2A00BE9618 = {
						CreatedOnToolsVersion = 26.5;
					};
				};
			};
			buildConfigurationList = A5A98EEB2FEECE2A00BE9618 /* Build configuration list for PBXProject "Army" */;
			developmentRegion = en;
			hasScannedForEncodings = 0;
			knownRegions = (
				en,
				Base,
			);
			mainGroup = A5A98EE72FEECE2A00BE9618;
			minimizedProjectReferenceProxies = 1;
			preferredProjectObjectVersion = 77;
			productRefGroup = A5A98EF12FEECE2A00BE9618 /* Products */;
			projectDirPath = "";
			projectRoot = "";
			targets = (
				A5A98EEF2FEECE2A00BE9618 /* Army */,
			);
		};
/* End PBXProject section */

/* Begin PBXResourcesBuildPhase section */
		A5A98EEE2FEECE2A00BE9618 /* Resources */ = {
			isa = PBXResourcesBuildPhase;
			buildActionMask = 2147483647;
			files = (
				A5F889332FEEDD9000433EDF /* MainMenu.xib in Resources */,
				A5F889342FEEDD9000433EDF /* Assets.xcassets in Resources */,
			);
			runOnlyForDeploymentPostprocessing = 0;
		};
/* End PBXResourcesBuildPhase section */

/* Begin PBXSourcesBuildPhase section */
		A5A98EEC2FEECE2A00BE9618 /* Sources */ = {
			isa = PBXSourcesBuildPhase;
			buildActionMask = 2147483647;
			files = (
				A5F888FC2FEEDD9000433EDF /* Avalancher.cpp in Sources */,
				A5F889012FEEDD9000433EDF /* TwistShiftBox.cpp in Sources */,
				A5F889022FEEDD9000433EDF /* Random.cpp in Sources */,
				A5F889042FEEDD9000433EDF /* TwistMix32.cpp in Sources */,
				A5F889072FEEDD9000433EDF /* main.m in Sources */,
				A5F889082FEEDD9000433EDF /* TwistSquash.cpp in Sources */,
				A5F8890C2FEEDD9000433EDF /* TwistCryptoScoring.cpp in Sources */,
				A5F8890E2FEEDD9000433EDF /* Rig.cpp in Sources */,
				A5F8890F2FEEDD9000433EDF /* M88.cpp in Sources */,
				A5F889112FEEDD9000433EDF /* TwistIndexShuffle.cpp in Sources */,
				A5F889172FEEDD9000433EDF /* TwistFarmSalt.cpp in Sources */,
				A56835CB2FF2ADA6002524E4 /* TwistExpander_Bowling.cpp in Sources */,
				A56835CC2FF2ADA6002524E4 /* TwistExpander_Archery.cpp in Sources */,
				A56835CD2FF2ADA6002524E4 /* TwistExpander_Billiards_Arx.cpp in Sources */,
				A56835CE2FF2ADA6002524E4 /* TwistExpander_Archery_Arx.cpp in Sources */,
				A56835CF2FF2ADA6002524E4 /* TwistExpander_Tennis.cpp in Sources */,
				A56835D02FF2ADA6002524E4 /* TwistExpander_Karate_Arx.cpp in Sources */,
				A56835D12FF2ADA6002524E4 /* TwistExpander_Billiards.cpp in Sources */,
				A56835D22FF2ADA6002524E4 /* TwistExpander_Karate.cpp in Sources */,
				A56835D32FF2ADA6002524E4 /* TwistExpander_WaterPolo.cpp in Sources */,
				A56835D42FF2ADA6002524E4 /* TwistExpander_PickleBall.cpp in Sources */,
				A56835D52FF2ADA6002524E4 /* TwistExpander_VolleyBall.cpp in Sources */,
				A56835D62FF2ADA6002524E4 /* TwistExpander_Tennis_Arx.cpp in Sources */,
				A56835D72FF2ADA6002524E4 /* TwistExpander_PickleBall_Arx.cpp in Sources */,
				A56835D82FF2ADA6002524E4 /* TwistExpander_Lacrosse_Arx.cpp in Sources */,
				A56835D92FF2ADA6002524E4 /* TwistExpander_Rugby.cpp in Sources */,
				A56835DA2FF2ADA6002524E4 /* TwistExpander_Fencing.cpp in Sources */,
				A56835DB2FF2ADA6002524E4 /* TwistExpander_BasketBall.cpp in Sources */,
				A56835DC2FF2ADA6002524E4 /* TwistExpander_Hockey_Arx.cpp in Sources */,
				A56835DD2FF2ADA6002524E4 /* TwistExpander_PingPong.cpp in Sources */,
				A56835DE2FF2ADA6002524E4 /* TwistExpander_Golf.cpp in Sources */,
				A56835DF2FF2ADA6002524E4 /* TwistExpander_WaterPolo_Arx.cpp in Sources */,
				A56835E02FF2ADA6002524E4 /* TwistExpander_BasketBall_Arx.cpp in Sources */,
				A56835E12FF2ADA6002524E4 /* TwistExpander_Cricket_Arx.cpp in Sources */,
				A56835E22FF2ADA6002524E4 /* TwistExpander_Rugby_Arx.cpp in Sources */,
				A56835E32FF2ADA6002524E4 /* TwistExpander_Golf_Arx.cpp in Sources */,
				A56835E42FF2ADA6002524E4 /* TwistExpander_VolleyBall_Arx.cpp in Sources */,
				A56835E52FF2ADA6002524E4 /* TwistExpander_Boxing_Arx.cpp in Sources */,
				A56835E62FF2ADA6002524E4 /* TwistExpander_FootBall_Arx.cpp in Sources */,
				A56835E72FF2ADA6002524E4 /* TwistExpander_BaseBall_Arx.cpp in Sources */,
				A56835E82FF2ADA6002524E4 /* TwistExpander_Hockey.cpp in Sources */,
				A56835E92FF2ADA6002524E4 /* TwistExpander_Cricket.cpp in Sources */,
				A56835EA2FF2ADA6002524E4 /* TwistExpander_BaseBall.cpp in Sources */,
				A56835EB2FF2ADA6002524E4 /* TwistExpander_FootBall.cpp in Sources */,
				A56835EC2FF2ADA6002524E4 /* TwistExpander_Boxing.cpp in Sources */,
				A56835ED2FF2ADA6002524E4 /* TwistExpander_Soccer.cpp in Sources */,
				A56835EE2FF2ADA6002524E4 /* TwistExpander_Bowling_Arx.cpp in Sources */,
				A56835EF2FF2ADA6002524E4 /* TwistExpander_Soccer_Arx.cpp in Sources */,
				A56835F02FF2ADA6002524E4 /* TwistExpander_Lacrosse.cpp in Sources */,
				A56835F12FF2ADA6002524E4 /* TwistExpander_Fencing_Arx.cpp in Sources */,
				A56835F22FF2ADA6002524E4 /* TwistExpander_PingPong_Arx.cpp in Sources */,
				A5F889182FEEDD9000433EDF /* TwistInvest.cpp in Sources */,
				A5F8891B2FEEDD9000433EDF /* AppDelegate.mm in Sources */,
				A5F8891F2FEEDD9000433EDF /* FileIO.cpp in Sources */,
				A5F889202FEEDD9000433EDF /* TwistWorkSpace.cpp in Sources */,
				A5F889232FEEDD9000433EDF /* TwistSnow.cpp in Sources */,
				A5F889242FEEDD9000433EDF /* TwistFarmConstants.cpp in Sources */,
				A5F889292FEEDD9000433EDF /* TwistMix64.cpp in Sources */,
				A5F8892E2FEEDD9000433EDF /* TwistExpander.cpp in Sources */,
				A5F889322FEEDD9000433EDF /* TwistDiffuse.cpp in Sources */,
			);
			runOnlyForDeploymentPostprocessing = 0;
		};
/* End PBXSourcesBuildPhase section */

/* Begin PBXVariantGroup section */
		A5F888F12FEEDD9000433EDF /* MainMenu.xib */ = {
			isa = PBXVariantGroup;
			children = (
				A5F888F02FEEDD9000433EDF /* Base */,
			);
			name = MainMenu.xib;
			sourceTree = "<group>";
		};
/* End PBXVariantGroup section */

/* Begin XCBuildConfiguration section */
		A5A98EFD2FEECE2B00BE9618 /* Debug */ = {
			isa = XCBuildConfiguration;
			buildSettings = {
				ALWAYS_SEARCH_USER_PATHS = NO;
				ASSETCATALOG_COMPILER_GENERATE_SWIFT_ASSET_SYMBOL_EXTENSIONS = YES;
				CLANG_ANALYZER_NONNULL = YES;
				CLANG_ANALYZER_NUMBER_OBJECT_CONVERSION = YES_AGGRESSIVE;
				CLANG_CXX_LANGUAGE_STANDARD = "gnu++20";
				CLANG_ENABLE_MODULES = YES;
				CLANG_ENABLE_OBJC_ARC = YES;
				CLANG_ENABLE_OBJC_WEAK = YES;
				CLANG_WARN_BLOCK_CAPTURE_AUTORELEASING = YES;
				CLANG_WARN_BOOL_CONVERSION = YES;
				CLANG_WARN_COMMA = YES;
				CLANG_WARN_CONSTANT_CONVERSION = YES;
				CLANG_WARN_DEPRECATED_OBJC_IMPLEMENTATIONS = YES;
				CLANG_WARN_DIRECT_OBJC_ISA_USAGE = YES_ERROR;
				CLANG_WARN_DOCUMENTATION_COMMENTS = YES;
				CLANG_WARN_EMPTY_BODY = YES;
				CLANG_WARN_ENUM_CONVERSION = YES;
				CLANG_WARN_INFINITE_RECURSION = YES;
				CLANG_WARN_INT_CONVERSION = YES;
				CLANG_WARN_NON_LITERAL_NULL_CONVERSION = YES;
				CLANG_WARN_OBJC_IMPLICIT_RETAIN_SELF = YES;
				CLANG_WARN_OBJC_LITERAL_CONVERSION = YES;
				CLANG_WARN_OBJC_ROOT_CLASS = YES_ERROR;
				CLANG_WARN_QUOTED_INCLUDE_IN_FRAMEWORK_HEADER = YES;
				CLANG_WARN_RANGE_LOOP_ANALYSIS = YES;
				CLANG_WARN_STRICT_PROTOTYPES = YES;
				CLANG_WARN_SUSPICIOUS_MOVE = YES;
				CLANG_WARN_UNGUARDED_AVAILABILITY = YES_AGGRESSIVE;
				CLANG_WARN_UNREACHABLE_CODE = YES;
				CLANG_WARN__DUPLICATE_METHOD_MATCH = YES;
				COPY_PHASE_STRIP = NO;
				DEBUG_INFORMATION_FORMAT = dwarf;
				ENABLE_STRICT_OBJC_MSGSEND = YES;
				ENABLE_TESTABILITY = YES;
				ENABLE_USER_SCRIPT_SANDBOXING = YES;
				GCC_C_LANGUAGE_STANDARD = gnu17;
				GCC_DYNAMIC_NO_PIC = NO;
				GCC_NO_COMMON_BLOCKS = YES;
				GCC_OPTIMIZATION_LEVEL = 0;
				GCC_PREPROCESSOR_DEFINITIONS = (
					"DEBUG=1",
					"$(inherited)",
				);
				GCC_WARN_64_TO_32_BIT_CONVERSION = YES;
				GCC_WARN_ABOUT_RETURN_TYPE = YES_ERROR;
				GCC_WARN_UNDECLARED_SELECTOR = YES;
				GCC_WARN_UNINITIALIZED_AUTOS = YES_AGGRESSIVE;
				GCC_WARN_UNUSED_FUNCTION = YES;
				GCC_WARN_UNUSED_VARIABLE = YES;
				LOCALIZATION_PREFERS_STRING_CATALOGS = YES;
				MACOSX_DEPLOYMENT_TARGET = 26.5;
				MTL_ENABLE_DEBUG_INFO = INCLUDE_SOURCE;
				MTL_FAST_MATH = YES;
				ONLY_ACTIVE_ARCH = YES;
				SDKROOT = macosx;
			};
			name = Debug;
		};
		A5A98EFE2FEECE2B00BE9618 /* Release */ = {
			isa = XCBuildConfiguration;
			buildSettings = {
				ALWAYS_SEARCH_USER_PATHS = NO;
				ASSETCATALOG_COMPILER_GENERATE_SWIFT_ASSET_SYMBOL_EXTENSIONS = YES;
				CLANG_ANALYZER_NONNULL = YES;
				CLANG_ANALYZER_NUMBER_OBJECT_CONVERSION = YES_AGGRESSIVE;
				CLANG_CXX_LANGUAGE_STANDARD = "gnu++20";
				CLANG_ENABLE_MODULES = YES;
				CLANG_ENABLE_OBJC_ARC = YES;
				CLANG_ENABLE_OBJC_WEAK = YES;
				CLANG_WARN_BLOCK_CAPTURE_AUTORELEASING = YES;
				CLANG_WARN_BOOL_CONVERSION = YES;
				CLANG_WARN_COMMA = YES;
				CLANG_WARN_CONSTANT_CONVERSION = YES;
				CLANG_WARN_DEPRECATED_OBJC_IMPLEMENTATIONS = YES;
				CLANG_WARN_DIRECT_OBJC_ISA_USAGE = YES_ERROR;
				CLANG_WARN_DOCUMENTATION_COMMENTS = YES;
				CLANG_WARN_EMPTY_BODY = YES;
				CLANG_WARN_ENUM_CONVERSION = YES;
				CLANG_WARN_INFINITE_RECURSION = YES;
				CLANG_WARN_INT_CONVERSION = YES;
				CLANG_WARN_NON_LITERAL_NULL_CONVERSION = YES;
				CLANG_WARN_OBJC_IMPLICIT_RETAIN_SELF = YES;
				CLANG_WARN_OBJC_LITERAL_CONVERSION = YES;
				CLANG_WARN_OBJC_ROOT_CLASS = YES_ERROR;
				CLANG_WARN_QUOTED_INCLUDE_IN_FRAMEWORK_HEADER = YES;
				CLANG_WARN_RANGE_LOOP_ANALYSIS = YES;
				CLANG_WARN_STRICT_PROTOTYPES = YES;
				CLANG_WARN_SUSPICIOUS_MOVE = YES;
				CLANG_WARN_UNGUARDED_AVAILABILITY = YES_AGGRESSIVE;
				CLANG_WARN_UNREACHABLE_CODE = YES;
				CLANG_WARN__DUPLICATE_METHOD_MATCH = YES;
				COPY_PHASE_STRIP = NO;
				DEBUG_INFORMATION_FORMAT = "dwarf-with-dsym";
				ENABLE_NS_ASSERTIONS = NO;
				ENABLE_STRICT_OBJC_MSGSEND = YES;
				ENABLE_USER_SCRIPT_SANDBOXING = YES;
				GCC_C_LANGUAGE_STANDARD = gnu17;
				GCC_NO_COMMON_BLOCKS = YES;
				GCC_WARN_64_TO_32_BIT_CONVERSION = YES;
				GCC_WARN_ABOUT_RETURN_TYPE = YES_ERROR;
				GCC_WARN_UNDECLARED_SELECTOR = YES;
				GCC_WARN_UNINITIALIZED_AUTOS = YES_AGGRESSIVE;
				GCC_WARN_UNUSED_FUNCTION = YES;
				GCC_WARN_UNUSED_VARIABLE = YES;
				LOCALIZATION_PREFERS_STRING_CATALOGS = YES;
				MACOSX_DEPLOYMENT_TARGET = 26.5;
				MTL_ENABLE_DEBUG_INFO = NO;
				MTL_FAST_MATH = YES;
				SDKROOT = macosx;
			};
			name = Release;
		};
		A5A98F002FEECE2B00BE9618 /* Debug */ = {
			isa = XCBuildConfiguration;
			buildSettings = {
				ASSETCATALOG_COMPILER_APPICON_NAME = AppIcon;
				ASSETCATALOG_COMPILER_GLOBAL_ACCENT_COLOR_NAME = AccentColor;
				CODE_SIGN_STYLE = Automatic;
				COMBINE_HIDPI_IMAGES = YES;
				CURRENT_PROJECT_VERSION = 1;
				ENABLE_APP_SANDBOX = YES;
				ENABLE_USER_SELECTED_FILES = readonly;
				GENERATE_INFOPLIST_FILE = YES;
				INFOPLIST_KEY_NSHumanReadableCopyright = "";
				INFOPLIST_KEY_NSMainNibFile = MainMenu;
				INFOPLIST_KEY_NSPrincipalClass = NSApplication;
				LD_RUNPATH_SEARCH_PATHS = (
					"$(inherited)",
					"@executable_path/../Frameworks",
				);
				MARKETING_VERSION = 1.0;
				PRODUCT_BUNDLE_IDENTIFIER = com.army.mil.Army;
				PRODUCT_NAME = "$(TARGET_NAME)";
				REGISTER_APP_GROUPS = YES;
				STRING_CATALOG_GENERATE_SYMBOLS = YES;
				SWIFT_EMIT_LOC_STRINGS = YES;
			};
			name = Debug;
		};
		A5A98F012FEECE2B00BE9618 /* Release */ = {
			isa = XCBuildConfiguration;
			buildSettings = {
				ASSETCATALOG_COMPILER_APPICON_NAME = AppIcon;
				ASSETCATALOG_COMPILER_GLOBAL_ACCENT_COLOR_NAME = AccentColor;
				CODE_SIGN_STYLE = Automatic;
				COMBINE_HIDPI_IMAGES = YES;
				CURRENT_PROJECT_VERSION = 1;
				ENABLE_APP_SANDBOX = YES;
				ENABLE_USER_SELECTED_FILES = readonly;
				GENERATE_INFOPLIST_FILE = YES;
				INFOPLIST_KEY_NSHumanReadableCopyright = "";
				INFOPLIST_KEY_NSMainNibFile = MainMenu;
				INFOPLIST_KEY_NSPrincipalClass = NSApplication;
				LD_RUNPATH_SEARCH_PATHS = (
					"$(inherited)",
					"@executable_path/../Frameworks",
				);
				MARKETING_VERSION = 1.0;
				PRODUCT_BUNDLE_IDENTIFIER = com.army.mil.Army;
				PRODUCT_NAME = "$(TARGET_NAME)";
				REGISTER_APP_GROUPS = YES;
				STRING_CATALOG_GENERATE_SYMBOLS = YES;
				SWIFT_EMIT_LOC_STRINGS = YES;
			};
			name = Release;
		};
/* End XCBuildConfiguration section */

/* Begin XCConfigurationList section */
		A5A98EEB2FEECE2A00BE9618 /* Build configuration list for PBXProject "Army" */ = {
			isa = XCConfigurationList;
			buildConfigurations = (
				A5A98EFD2FEECE2B00BE9618 /* Debug */,
				A5A98EFE2FEECE2B00BE9618 /* Release */,
			);
			defaultConfigurationIsVisible = 0;
			defaultConfigurationName = Release;
		};
		A5A98EFF2FEECE2B00BE9618 /* Build configuration list for PBXNativeTarget "Army" */ = {
			isa = XCConfigurationList;
			buildConfigurations = (
				A5A98F002FEECE2B00BE9618 /* Debug */,
				A5A98F012FEECE2B00BE9618 /* Release */,
			);
			defaultConfigurationIsVisible = 0;
			defaultConfigurationName = Release;
		};
/* End XCConfigurationList section */
	};
	rootObject = A5A98EE82FEECE2A00BE9618 /* Project object */;
}
